// !$*UTF8*$!
{
	archiveVersion = 1;
	classes = {
	};
	objectVersion = 46;
	objects = {

/* Begin PBXBuildFile section */
		6603096E186C53AF00FD855E /* signUpCell.m in Sources */ = {isa = PBXBuildFile; fileRef = 6603096D186C53AF00FD855E /* signUpCell.m */; };
		66030977186D96BE00FD855E /* AssetsLibrary.framework in Frameworks */ = {isa = PBXBuildFile; fileRef = 66030976186D96BE00FD855E /* AssetsLibrary.framework */; };
		6603097A186DF31600FD855E /* ALGroupViewController.m in Sources */ = {isa = PBXBuildFile; fileRef = 66030979186DF31600FD855E /* ALGroupViewController.m */; };
		6603097D186E1AA400FD855E /* ALGroupCell.m in Sources */ = {isa = PBXBuildFile; fileRef = 6603097C186E1AA400FD855E /* ALGroupCell.m */; };
		66030980186E299B00FD855E /* ALAssetViewController.m in Sources */ = {isa = PBXBuildFile; fileRef = 6603097F186E299B00FD855E /* ALAssetViewController.m */; };
		66030984186E38E400FD855E /* ALAssetCell.m in Sources */ = {isa = PBXBuildFile; fileRef = 66030983186E38E400FD855E /* ALAssetCell.m */; };
		66030987186EFC1D00FD855E /* CGUViewController.m in Sources */ = {isa = PBXBuildFile; fileRef = 66030986186EFC1D00FD855E /* CGUViewController.m */; };
		66253DC018572BE100F3F062 /* Foundation.framework in Frameworks */ = {isa = PBXBuildFile; fileRef = 66253DBF18572BE100F3F062 /* Foundation.framework */; };
		66253DC218572BE100F3F062 /* CoreGraphics.framework in Frameworks */ = {isa = PBXBuildFile; fileRef = 66253DC118572BE100F3F062 /* CoreGraphics.framework */; };
		66253DC418572BE100F3F062 /* UIKit.framework in Frameworks */ = {isa = PBXBuildFile; fileRef = 66253DC318572BE100F3F062 /* UIKit.framework */; };
		66253DCA18572BE100F3F062 /* InfoPlist.strings in Resources */ = {isa = PBXBuildFile; fileRef = 66253DC818572BE100F3F062 /* InfoPlist.strings */; };
		66253DCC18572BE100F3F062 /* main.m in Sources */ = {isa = PBXBuildFile; fileRef = 66253DCB18572BE100F3F062 /* main.m */; };
		66253DD018572BE100F3F062 /* AppDelegate.m in Sources */ = {isa = PBXBuildFile; fileRef = 66253DCF18572BE100F3F062 /* AppDelegate.m */; };
		66253DD318572BE100F3F062 /* Main.storyboard in Resources */ = {isa = PBXBuildFile; fileRef = 66253DD118572BE100F3F062 /* Main.storyboard */; };
		66253DD818572BE100F3F062 /* Images.xcassets in Resources */ = {isa = PBXBuildFile; fileRef = 66253DD718572BE100F3F062 /* Images.xcassets */; };
		66253DDF18572BE100F3F062 /* XCTest.framework in Frameworks */ = {isa = PBXBuildFile; fileRef = 66253DDE18572BE100F3F062 /* XCTest.framework */; };
		66253DE018572BE100F3F062 /* Foundation.framework in Frameworks */ = {isa = PBXBuildFile; fileRef = 66253DBF18572BE100F3F062 /* Foundation.framework */; };
		66253DE118572BE100F3F062 /* UIKit.framework in Frameworks */ = {isa = PBXBuildFile; fileRef = 66253DC318572BE100F3F062 /* UIKit.framework */; };
		66253DE918572BE100F3F062 /* InfoPlist.strings in Resources */ = {isa = PBXBuildFile; fileRef = 66253DE718572BE100F3F062 /* InfoPlist.strings */; };
		66253DEB18572BE100F3F062 /* H2H_FeelsafeTests.m in Sources */ = {isa = PBXBuildFile; fileRef = 66253DEA18572BE100F3F062 /* H2H_FeelsafeTests.m */; };
		66253DF618572E9A00F3F062 /* WebServices.m in Sources */ = {isa = PBXBuildFile; fileRef = 66253DF518572E9A00F3F062 /* WebServices.m */; };
		66253E04185738BF00F3F062 /* AFItemView.m in Sources */ = {isa = PBXBuildFile; fileRef = 66253DFE185738BF00F3F062 /* AFItemView.m */; settings = {COMPILER_FLAGS = "-fno-objc-arc"; }; };
		66253E05185738BF00F3F062 /* AFOpenFlowView.m in Sources */ = {isa = PBXBuildFile; fileRef = 66253E01185738BF00F3F062 /* AFOpenFlowView.m */; settings = {COMPILER_FLAGS = "-fno-objc-arc"; }; };
		66253E06185738BF00F3F062 /* AFUIImageReflection.m in Sources */ = {isa = PBXBuildFile; fileRef = 66253E03185738BF00F3F062 /* AFUIImageReflection.m */; settings = {COMPILER_FLAGS = "-fno-objc-arc"; }; };
		66253E0A18573F7F00F3F062 /* LoginViewController.m in Sources */ = {isa = PBXBuildFile; fileRef = 66253E0918573F7F00F3F062 /* LoginViewController.m */; };
		66253E0D1857426400F3F062 /* SignUpViewController.m in Sources */ = {isa = PBXBuildFile; fileRef = 66253E0C1857426400F3F062 /* SignUpViewController.m */; };
		6625680B18E9CF61008ECFBF /* CoreLocation.framework in Frameworks */ = {isa = PBXBuildFile; fileRef = 6625680A18E9CF61008ECFBF /* CoreLocation.framework */; };
		664059DD1875A7D100BA60F7 /* IISideController.m in Sources */ = {isa = PBXBuildFile; fileRef = 664059D81875A7D100BA60F7 /* IISideController.m */; };
		664059DE1875A7D100BA60F7 /* IIViewDeckController.m in Sources */ = {isa = PBXBuildFile; fileRef = 664059DA1875A7D100BA60F7 /* IIViewDeckController.m */; };
		664059DF1875A7D100BA60F7 /* IIWrapController.m in Sources */ = {isa = PBXBuildFile; fileRef = 664059DC1875A7D100BA60F7 /* IIWrapController.m */; };
		664059E31875A83F00BA60F7 /* NavigationViewController.m in Sources */ = {isa = PBXBuildFile; fileRef = 664059E21875A83F00BA60F7 /* NavigationViewController.m */; };
		664059E81875AB1700BA60F7 /* ListViewController.m in Sources */ = {isa = PBXBuildFile; fileRef = 664059E71875AB1700BA60F7 /* ListViewController.m */; };
		664059EA1875ACE600BA60F7 /* MapKit.framework in Frameworks */ = {isa = PBXBuildFile; fileRef = 664059E91875ACE600BA60F7 /* MapKit.framework */; };
		664059F01875D86600BA60F7 /* AddressBook.framework in Frameworks */ = {isa = PBXBuildFile; fileRef = 664059EF1875D86600BA60F7 /* AddressBook.framework */; };
		664059F21875D86C00BA60F7 /* AddressBookUI.framework in Frameworks */ = {isa = PBXBuildFile; fileRef = 664059F11875D86C00BA60F7 /* AddressBookUI.framework */; };
		664059F51875D95300BA60F7 /* AddViewController.m in Sources */ = {isa = PBXBuildFile; fileRef = 664059F41875D95300BA60F7 /* AddViewController.m */; };
		664059FB1876145D00BA60F7 /* MessageUI.framework in Frameworks */ = {isa = PBXBuildFile; fileRef = 664059FA1876145D00BA60F7 /* MessageUI.framework */; };
		66833B0D190EF61000D95DD8 /* ImageCache.m in Sources */ = {isa = PBXBuildFile; fileRef = 66833B0C190EF61000D95DD8 /* ImageCache.m */; };
		66DBEA5018DF389900E2D696 /* SVProgressHUD.bundle in Resources */ = {isa = PBXBuildFile; fileRef = 66DBEA4D18DF389900E2D696 /* SVProgressHUD.bundle */; };
		66DBEA5118DF389900E2D696 /* SVProgressHUD.m in Sources */ = {isa = PBXBuildFile; fileRef = 66DBEA4F18DF389900E2D696 /* SVProgressHUD.m */; };
		87066AD71901263500122CF1 /* UIGuideViewController.m in Sources */ = {isa = PBXBuildFile; fileRef = 87066AD61901263500122CF1 /* UIGuideViewController.m */; };
		87066AF519028E4600122CF1 /* alert@2x.png in Resources */ = {isa = PBXBuildFile; fileRef = 87066ADA19028E4600122CF1 /* alert@2x.png */; };
		87066AF619028E4600122CF1 /* bouton_notif_ajout_sent@2x.png in Resources */ = {isa = PBXBuildFile; fileRef = 87066ADB19028E4600122CF1 /* bouton_notif_ajout_sent@2x.png */; };
		87066AF719028E4600122CF1 /* fol_alert@2x.png in Resources */ = {isa = PBXBuildFile; fileRef = 87066ADC19028E4600122CF1 /* fol_alert@2x.png */; };
		87066AF819028E4600122CF1 /* fol_good@2x.png in Resources */ = {isa = PBXBuildFile; fileRef = 87066ADD19028E4600122CF1 /* fol_good@2x.png */; };
		87066AF919028E4600122CF1 /* fol_warning@2x.png in Resources */ = {isa = PBXBuildFile; fileRef = 87066ADE19028E4600122CF1 /* fol_warning@2x.png */; };
		87066AFA19028E4600122CF1 /* good@2x.png in Resources */ = {isa = PBXBuildFile; fileRef = 87066ADF19028E4600122CF1 /* good@2x.png */; };
		87066AFB19028E4600122CF1 /* h2h@2x.png in Resources */ = {isa = PBXBuildFile; fileRef = 87066AE019028E4600122CF1 /* h2h@2x.png */; };
		87066AFC19028E4600122CF1 /* h2h2@2x.png in Resources */ = {isa = PBXBuildFile; fileRef = 87066AE119028E4600122CF1 /* h2h2@2x.png */; };
		87066AFD19028E4600122CF1 /* ic_launcher@2x.png in Resources */ = {isa = PBXBuildFile; fileRef = 87066AE219028E4600122CF1 /* ic_launcher@2x.png */; };
		87066AFE19028E4600122CF1 /* icon_premium@2x.png in Resources */ = {isa = PBXBuildFile; fileRef = 87066AE319028E4600122CF1 /* icon_premium@2x.png */; };
		87066AFF19028E4600122CF1 /* launcher@2x.png in Resources */ = {isa = PBXBuildFile; fileRef = 87066AE419028E4600122CF1 /* launcher@2x.png */; };
		87066B0019028E4600122CF1 /* letter_off@2x.png in Resources */ = {isa = PBXBuildFile; fileRef = 87066AE519028E4600122CF1 /* letter_off@2x.png */; };
		87066B0119028E4600122CF1 /* lettre_on@2x.png in Resources */ = {isa = PBXBuildFile; fileRef = 87066AE619028E4600122CF1 /* lettre_on@2x.png */; };
		87066B0219028E4600122CF1 /* logo@2x.png in Resources */ = {isa = PBXBuildFile; fileRef = 87066AE719028E4600122CF1 /* logo@2x.png */; };
		87066B0319028E4600122CF1 /* marker_alert@2x.png in Resources */ = {isa = PBXBuildFile; fileRef = 87066AE819028E4600122CF1 /* marker_alert@2x.png */; };
		87066B0419028E4600122CF1 /* marker_no_img@2x.png in Resources */ = {isa = PBXBuildFile; fileRef = 87066AE919028E4600122CF1 /* marker_no_img@2x.png */; };
		87066B0519028E4600122CF1 /* marker_ok@2x.png in Resources */ = {isa = PBXBuildFile; fileRef = 87066AEA19028E4600122CF1 /* marker_ok@2x.png */; };
		87066B0619028E4600122CF1 /* marker_void@2x.png in Resources */ = {isa = PBXBuildFile; fileRef = 87066AEB19028E4600122CF1 /* marker_void@2x.png */; };
		87066B0719028E4600122CF1 /* marker_warning@2x.png in Resources */ = {isa = PBXBuildFile; fileRef = 87066AEC19028E4600122CF1 /* marker_warning@2x.png */; };
		87066B0819028E4600122CF1 /* no_img@2x.jpg in Resources */ = {isa = PBXBuildFile; fileRef = 87066AED19028E4600122CF1 /* no_img@2x.jpg */; };
		87066B0919028E4600122CF1 /* point_alert@2x.png in Resources */ = {isa = PBXBuildFile; fileRef = 87066AEE19028E4600122CF1 /* point_alert@2x.png */; };
		87066B0A19028E4600122CF1 /* point_ok@2x.png in Resources */ = {isa = PBXBuildFile; fileRef = 87066AEF19028E4600122CF1 /* point_ok@2x.png */; };
		87066B0B19028E4600122CF1 /* point_warning@2x.png in Resources */ = {isa = PBXBuildFile; fileRef = 87066AF019028E4600122CF1 /* point_warning@2x.png */; };
		87066B0C19028E4600122CF1 /* premium@2x.png in Resources */ = {isa = PBXBuildFile; fileRef = 87066AF119028E4600122CF1 /* premium@2x.png */; };
		87066B0D19028E4600122CF1 /* refersh@2x.png in Resources */ = {isa = PBXBuildFile; fileRef = 87066AF219028E4600122CF1 /* refersh@2x.png */; };
		87066B0E19028E4600122CF1 /* sms@2x.png in Resources */ = {isa = PBXBuildFile; fileRef = 87066AF319028E4600122CF1 /* sms@2x.png */; };
		871029511912B79C00E1C650 /* ListCell.m in Sources */ = {isa = PBXBuildFile; fileRef = 871029501912B79C00E1C650 /* ListCell.m */; };
		87102954191398DF00E1C650 /* ContactCell.m in Sources */ = {isa = PBXBuildFile; fileRef = 87102953191398DF00E1C650 /* ContactCell.m */; };
		871CB53218E6DC2B00E094F1 /* Navigation_Pro_ViewController.m in Sources */ = {isa = PBXBuildFile; fileRef = 871CB53118E6DC2B00E094F1 /* Navigation_Pro_ViewController.m */; };
		872443F1190D0B41001ECDA6 /* goodButton@2x.png in Resources */ = {isa = PBXBuildFile; fileRef = 872443EF190D0B41001ECDA6 /* goodButton@2x.png */; };
		872443F2190D0B41001ECDA6 /* warningButton@2x.png in Resources */ = {isa = PBXBuildFile; fileRef = 872443F0190D0B41001ECDA6 /* warningButton@2x.png */; };
		872443F5190D0DE4001ECDA6 /* GoodBut@2x.png in Resources */ = {isa = PBXBuildFile; fileRef = 872443F3190D0DE4001ECDA6 /* GoodBut@2x.png */; };
		872443F6190D0DE4001ECDA6 /* WarningBut@2x.png in Resources */ = {isa = PBXBuildFile; fileRef = 872443F4190D0DE4001ECDA6 /* WarningBut@2x.png */; };
		8743DBCA19167DB100CB4526 /* JPSThumbnailAnnotation.m in Sources */ = {isa = PBXBuildFile; fileRef = 8743DBC619167DB100CB4526 /* JPSThumbnailAnnotation.m */; };
		8743DBCB19167DB100CB4526 /* JPSThumbnailAnnotationView.m in Sources */ = {isa = PBXBuildFile; fileRef = 8743DBC819167DB100CB4526 /* JPSThumbnailAnnotationView.m */; };
		8743DBCC19167DB100CB4526 /* JPSThumnail.m in Sources */ = {isa = PBXBuildFile; fileRef = 8743DBC919167DB100CB4526 /* JPSThumnail.m */; };
		8743DBD01916893D00CB4526 /* point_rouge.png in Resources */ = {isa = PBXBuildFile; fileRef = 8743DBCD1916893D00CB4526 /* point_rouge.png */; };
		8743DBD11916893D00CB4526 /* point_orange.png in Resources */ = {isa = PBXBuildFile; fileRef = 8743DBCE1916893D00CB4526 /* point_orange.png */; };
		8743DBD21916893D00CB4526 /* point_vert.png in Resources */ = {isa = PBXBuildFile; fileRef = 8743DBCF1916893D00CB4526 /* point_vert.png */; };
		87769844191A55F300044407 /* default_profile.jpg in Resources */ = {isa = PBXBuildFile; fileRef = 87769843191A55F200044407 /* default_profile.jpg */; };
		87937D99190EB99900D5C67F /* Visit@2x.png in Resources */ = {isa = PBXBuildFile; fileRef = 87937D98190EB99900D5C67F /* Visit@2x.png */; };
		87937D9B190EBAAC00D5C67F /* valider@2x.png in Resources */ = {isa = PBXBuildFile; fileRef = 87937D9A190EBAAC00D5C67F /* valider@2x.png */; };
		87937D9D190EBD9C00D5C67F /* Orange@2x.png in Resources */ = {isa = PBXBuildFile; fileRef = 87937D9C190EBD9C00D5C67F /* Orange@2x.png */; };
		87937D9F190EBDCF00D5C67F /* Vert.png in Resources */ = {isa = PBXBuildFile; fileRef = 87937D9E190EBDCF00D5C67F /* Vert.png */; };
		87937DA1190EC12900D5C67F /* LeftBut@2x.png in Resources */ = {isa = PBXBuildFile; fileRef = 87937DA0190EC12900D5C67F /* LeftBut@2x.png */; };
		87937DA3190F040900D5C67F /* warning@2x.png in Resources */ = {isa = PBXBuildFile; fileRef = 87937DA2190F040900D5C67F /* warning@2x.png */; };
		87A6A2FF18E0F3C300DC0D4A /* ViewController.m in Sources */ = {isa = PBXBuildFile; fileRef = 87A6A2FE18E0F3C300DC0D4A /* ViewController.m */; };
		87AA231C18EB5D31007381DD /* LeftViewProtege.m in Sources */ = {isa = PBXBuildFile; fileRef = 87AA231B18EB5D31007381DD /* LeftViewProtege.m */; };
		87DB88E31917B4DC00310380 /* RefListViewController.m in Sources */ = {isa = PBXBuildFile; fileRef = 87DB88E21917B4DC00310380 /* RefListViewController.m */; };
		87DB88EB1918E34800310380 /* AlertScreen.png in Resources */ = {isa = PBXBuildFile; fileRef = 87DB88E61918E34800310380 /* AlertScreen.png */; };
		87DB88EC1918E34800310380 /* Contact.png in Resources */ = {isa = PBXBuildFile; fileRef = 87DB88E71918E34800310380 /* Contact.png */; };
		87DB88ED1918E34800310380 /* Inscription.png in Resources */ = {isa = PBXBuildFile; fileRef = 87DB88E81918E34800310380 /* Inscription.png */; };
		87DB88EE1918E34800310380 /* Liste.png in Resources */ = {isa = PBXBuildFile; fileRef = 87DB88E91918E34800310380 /* Liste.png */; };
		87DB88EF1918E34800310380 /* Plan.png in Resources */ = {isa = PBXBuildFile; fileRef = 87DB88EA1918E34800310380 /* Plan.png */; };
		87DE8E1E18ECBB6B005BCD0B /* UpdateAccountViewController.m in Sources */ = {isa = PBXBuildFile; fileRef = 87DE8E1D18ECBB6B005BCD0B /* UpdateAccountViewController.m */; };
/* End PBXBuildFile section */

/* Begin PBXContainerItemProxy section */
		66253DE218572BE100F3F062 /* PBXContainerItemProxy */ = {
			isa = PBXContainerItemProxy;
			containerPortal = 66253DB418572BE100F3F062 /* Project object */;
			proxyType = 1;
			remoteGlobalIDString = 66253DBB18572BE100F3F062;
			remoteInfo = "H2H Feelsafe";
		};
/* End PBXContainerItemProxy section */

/* Begin PBXFileReference section */
		6603096C186C53AF00FD855E /* signUpCell.h */ = {isa = PBXFileReference; fileEncoding = 4; lastKnownFileType = sourcecode.c.h; path = signUpCell.h; sourceTree = "<group>"; };
		6603096D186C53AF00FD855E /* signUpCell.m */ = {isa = PBXFileReference; fileEncoding = 4; lastKnownFileType = sourcecode.c.objc; path = signUpCell.m; sourceTree = "<group>"; };
		66030976186D96BE00FD855E /* AssetsLibrary.framework */ = {isa = PBXFileReference; lastKnownFileType = wrapper.framework; name = AssetsLibrary.framework; path = System/Library/Frameworks/AssetsLibrary.framework; sourceTree = SDKROOT; };
		66030978186DF31600FD855E /* ALGroupViewController.h */ = {isa = PBXFileReference; fileEncoding = 4; lastKnownFileType = sourcecode.c.h; path = ALGroupViewController.h; sourceTree = "<group>"; };
		66030979186DF31600FD855E /* ALGroupViewController.m */ = {isa = PBXFileReference; fileEncoding = 4; lastKnownFileType = sourcecode.c.objc; path = ALGroupViewController.m; sourceTree = "<group>"; };
		6603097B186E1AA400FD855E /* ALGroupCell.h */ = {isa = PBXFileReference; fileEncoding = 4; lastKnownFileType = sourcecode.c.h; path = ALGroupCell.h; sourceTree = "<group>"; };
		6603097C186E1AA400FD855E /* ALGroupCell.m */ = {isa = PBXFileReference; fileEncoding = 4; lastKnownFileType = sourcecode.c.objc; path = ALGroupCell.m; sourceTree = "<group>"; };
		6603097E186E299B00FD855E /* ALAssetViewController.h */ = {isa = PBXFileReference; fileEncoding = 4; lastKnownFileType = sourcecode.c.h; path = ALAssetViewController.h; sourceTree = "<group>"; };
		6603097F186E299B00FD855E /* ALAssetViewController.m */ = {isa = PBXFileReference; fileEncoding = 4; lastKnownFileType = sourcecode.c.objc; path = ALAssetViewController.m; sourceTree = "<group>"; };
		66030982186E38E400FD855E /* ALAssetCell.h */ = {isa = PBXFileReference; fileEncoding = 4; lastKnownFileType = sourcecode.c.h; path = ALAssetCell.h; sourceTree = "<group>"; };
		66030983186E38E400FD855E /* ALAssetCell.m */ = {isa = PBXFileReference; fileEncoding = 4; lastKnownFileType = sourcecode.c.objc; path = ALAssetCell.m; sourceTree = "<group>"; };
		66030985186EFC1D00FD855E /* CGUViewController.h */ = {isa = PBXFileReference; fileEncoding = 4; lastKnownFileType = sourcecode.c.h; path = CGUViewController.h; sourceTree = "<group>"; };
		66030986186EFC1D00FD855E /* CGUViewController.m */ = {isa = PBXFileReference; fileEncoding = 4; lastKnownFileType = sourcecode.c.objc; path = CGUViewController.m; sourceTree = "<group>"; };
		66253DBC18572BE100F3F062 /* H2H Feelsafe.app */ = {isa = PBXFileReference; explicitFileType = wrapper.application; includeInIndex = 0; path = "H2H Feelsafe.app"; sourceTree = BUILT_PRODUCTS_DIR; };
		66253DBF18572BE100F3F062 /* Foundation.framework */ = {isa = PBXFileReference; lastKnownFileType = wrapper.framework; name = Foundation.framework; path = System/Library/Frameworks/Foundation.framework; sourceTree = SDKROOT; };
		66253DC118572BE100F3F062 /* CoreGraphics.framework */ = {isa = PBXFileReference; lastKnownFileType = wrapper.framework; name = CoreGraphics.framework; path = System/Library/Frameworks/CoreGraphics.framework; sourceTree = SDKROOT; };
		66253DC318572BE100F3F062 /* UIKit.framework */ = {isa = PBXFileReference; lastKnownFileType = wrapper.framework; name = UIKit.framework; path = System/Library/Frameworks/UIKit.framework; sourceTree = SDKROOT; };
		66253DC718572BE100F3F062 /* H2H Feelsafe-Info.plist */ = {isa = PBXFileReference; lastKnownFileType = text.plist.xml; path = "H2H Feelsafe-Info.plist"; sourceTree = "<group>"; };
		66253DC918572BE100F3F062 /* en */ = {isa = PBXFileReference; lastKnownFileType = text.plist.strings; name = en; path = en.lproj/InfoPlist.strings; sourceTree = "<group>"; };
		66253DCB18572BE100F3F062 /* main.m */ = {isa = PBXFileReference; lastKnownFileType = sourcecode.c.objc; path = main.m; sourceTree = "<group>"; };
		66253DCD18572BE100F3F062 /* H2H Feelsafe-Prefix.pch */ = {isa = PBXFileReference; lastKnownFileType = sourcecode.c.h; path = "H2H Feelsafe-Prefix.pch"; sourceTree = "<group>"; };
		66253DCE18572BE100F3F062 /* AppDelegate.h */ = {isa = PBXFileReference; lastKnownFileType = sourcecode.c.h; path = AppDelegate.h; sourceTree = "<group>"; };
		66253DCF18572BE100F3F062 /* AppDelegate.m */ = {isa = PBXFileReference; lastKnownFileType = sourcecode.c.objc; path = AppDelegate.m; sourceTree = "<group>"; };
		66253DD218572BE100F3F062 /* Base */ = {isa = PBXFileReference; lastKnownFileType = file.storyboard; name = Base; path = Base.lproj/Main.storyboard; sourceTree = "<group>"; };
		66253DD418572BE100F3F062 /* ViewController.h */ = {isa = PBXFileReference; lastKnownFileType = sourcecode.c.h; path = ViewController.h; sourceTree = "<group>"; };
		66253DD718572BE100F3F062 /* Images.xcassets */ = {isa = PBXFileReference; lastKnownFileType = folder.assetcatalog; path = Images.xcassets; sourceTree = "<group>"; };
		66253DDD18572BE100F3F062 /* H2H FeelsafeTests.xctest */ = {isa = PBXFileReference; explicitFileType = wrapper.cfbundle; includeInIndex = 0; path = "H2H FeelsafeTests.xctest"; sourceTree = BUILT_PRODUCTS_DIR; };
		66253DDE18572BE100F3F062 /* XCTest.framework */ = {isa = PBXFileReference; lastKnownFileType = wrapper.framework; name = XCTest.framework; path = Library/Frameworks/XCTest.framework; sourceTree = DEVELOPER_DIR; };
		66253DE618572BE100F3F062 /* H2H FeelsafeTests-Info.plist */ = {isa = PBXFileReference; lastKnownFileType = text.plist.xml; path = "H2H FeelsafeTests-Info.plist"; sourceTree = "<group>"; };
		66253DE818572BE100F3F062 /* en */ = {isa = PBXFileReference; lastKnownFileType = text.plist.strings; name = en; path = en.lproj/InfoPlist.strings; sourceTree = "<group>"; };
		66253DEA18572BE100F3F062 /* H2H_FeelsafeTests.m */ = {isa = PBXFileReference; lastKnownFileType = sourcecode.c.objc; path = H2H_FeelsafeTests.m; sourceTree = "<group>"; };
		66253DF418572E9A00F3F062 /* WebServices.h */ = {isa = PBXFileReference; fileEncoding = 4; lastKnownFileType = sourcecode.c.h; name = WebServices.h; path = "H2H Feelsafe/WebServices.h"; sourceTree = "<group>"; };
		66253DF518572E9A00F3F062 /* WebServices.m */ = {isa = PBXFileReference; fileEncoding = 4; lastKnownFileType = sourcecode.c.objc; name = WebServices.m; path = "H2H Feelsafe/WebServices.m"; sourceTree = "<group>"; };
		66253DFD185738BF00F3F062 /* AFItemView.h */ = {isa = PBXFileReference; fileEncoding = 4; lastKnownFileType = sourcecode.c.h; path = AFItemView.h; sourceTree = "<group>"; };
		66253DFE185738BF00F3F062 /* AFItemView.m */ = {isa = PBXFileReference; fileEncoding = 4; lastKnownFileType = sourcecode.c.objc; path = AFItemView.m; sourceTree = "<group>"; };
		66253DFF185738BF00F3F062 /* AFOpenFlowConstants.h */ = {isa = PBXFileReference; fileEncoding = 4; lastKnownFileType = sourcecode.c.h; path = AFOpenFlowConstants.h; sourceTree = "<group>"; };
		66253E00185738BF00F3F062 /* AFOpenFlowView.h */ = {isa = PBXFileReference; fileEncoding = 4; lastKnownFileType = sourcecode.c.h; path = AFOpenFlowView.h; sourceTree = "<group>"; };
		66253E01185738BF00F3F062 /* AFOpenFlowView.m */ = {isa = PBXFileReference; fileEncoding = 4; lastKnownFileType = sourcecode.c.objc; path = AFOpenFlowView.m; sourceTree = "<group>"; };
		66253E02185738BF00F3F062 /* AFUIImageReflection.h */ = {isa = PBXFileReference; fileEncoding = 4; lastKnownFileType = sourcecode.c.h; path = AFUIImageReflection.h; sourceTree = "<group>"; };
		66253E03185738BF00F3F062 /* AFUIImageReflection.m */ = {isa = PBXFileReference; fileEncoding = 4; lastKnownFileType = sourcecode.c.objc; path = AFUIImageReflection.m; sourceTree = "<group>"; };
		66253E0818573F7F00F3F062 /* LoginViewController.h */ = {isa = PBXFileReference; fileEncoding = 4; lastKnownFileType = sourcecode.c.h; path = LoginViewController.h; sourceTree = "<group>"; };
		66253E0918573F7F00F3F062 /* LoginViewController.m */ = {isa = PBXFileReference; fileEncoding = 4; lastKnownFileType = sourcecode.c.objc; path = LoginViewController.m; sourceTree = "<group>"; };
		66253E0B1857426400F3F062 /* SignUpViewController.h */ = {isa = PBXFileReference; fileEncoding = 4; lastKnownFileType = sourcecode.c.h; path = SignUpViewController.h; sourceTree = "<group>"; };
		66253E0C1857426400F3F062 /* SignUpViewController.m */ = {isa = PBXFileReference; fileEncoding = 4; lastKnownFileType = sourcecode.c.objc; path = SignUpViewController.m; sourceTree = "<group>"; };
		6625680A18E9CF61008ECFBF /* CoreLocation.framework */ = {isa = PBXFileReference; lastKnownFileType = wrapper.framework; name = CoreLocation.framework; path = System/Library/Frameworks/CoreLocation.framework; sourceTree = SDKROOT; };
		664059D71875A7D100BA60F7 /* IISideController.h */ = {isa = PBXFileReference; fileEncoding = 4; lastKnownFileType = sourcecode.c.h; path = IISideController.h; sourceTree = "<group>"; };
		664059D81875A7D100BA60F7 /* IISideController.m */ = {isa = PBXFileReference; fileEncoding = 4; lastKnownFileType = sourcecode.c.objc; path = IISideController.m; sourceTree = "<group>"; };
		664059D91875A7D100BA60F7 /* IIViewDeckController.h */ = {isa = PBXFileReference; fileEncoding = 4; lastKnownFileType = sourcecode.c.h; path = IIViewDeckController.h; sourceTree = "<group>"; };
		664059DA1875A7D100BA60F7 /* IIViewDeckController.m */ = {isa = PBXFileReference; fileEncoding = 4; lastKnownFileType = sourcecode.c.objc; path = IIViewDeckController.m; sourceTree = "<group>"; };
		664059DB1875A7D100BA60F7 /* IIWrapController.h */ = {isa = PBXFileReference; fileEncoding = 4; lastKnownFileType = sourcecode.c.h; path = IIWrapController.h; sourceTree = "<group>"; };
		664059DC1875A7D100BA60F7 /* IIWrapController.m */ = {isa = PBXFileReference; fileEncoding = 4; lastKnownFileType = sourcecode.c.objc; path = IIWrapController.m; sourceTree = "<group>"; };
		664059E11875A83F00BA60F7 /* NavigationViewController.h */ = {isa = PBXFileReference; fileEncoding = 4; lastKnownFileType = sourcecode.c.h; path = NavigationViewController.h; sourceTree = "<group>"; };
		664059E21875A83F00BA60F7 /* NavigationViewController.m */ = {isa = PBXFileReference; fileEncoding = 4; lastKnownFileType = sourcecode.c.objc; path = NavigationViewController.m; sourceTree = "<group>"; };
		664059E61875AB1700BA60F7 /* ListViewController.h */ = {isa = PBXFileReference; fileEncoding = 4; lastKnownFileType = sourcecode.c.h; path = ListViewController.h; sourceTree = "<group>"; };
		664059E71875AB1700BA60F7 /* ListViewController.m */ = {isa = PBXFileReference; fileEncoding = 4; lastKnownFileType = sourcecode.c.objc; path = ListViewController.m; sourceTree = "<group>"; };
		664059E91875ACE600BA60F7 /* MapKit.framework */ = {isa = PBXFileReference; lastKnownFileType = wrapper.framework; name = MapKit.framework; path = System/Library/Frameworks/MapKit.framework; sourceTree = SDKROOT; };
		664059EF1875D86600BA60F7 /* AddressBook.framework */ = {isa = PBXFileReference; lastKnownFileType = wrapper.framework; name = AddressBook.framework; path = System/Library/Frameworks/AddressBook.framework; sourceTree = SDKROOT; };
		664059F11875D86C00BA60F7 /* AddressBookUI.framework */ = {isa = PBXFileReference; lastKnownFileType = wrapper.framework; name = AddressBookUI.framework; path = System/Library/Frameworks/AddressBookUI.framework; sourceTree = SDKROOT; };
		664059F31875D95300BA60F7 /* AddViewController.h */ = {isa = PBXFileReference; fileEncoding = 4; lastKnownFileType = sourcecode.c.h; path = AddViewController.h; sourceTree = "<group>"; };
		664059F41875D95300BA60F7 /* AddViewController.m */ = {isa = PBXFileReference; fileEncoding = 4; lastKnownFileType = sourcecode.c.objc; path = AddViewController.m; sourceTree = "<group>"; };
		664059FA1876145D00BA60F7 /* MessageUI.framework */ = {isa = PBXFileReference; lastKnownFileType = wrapper.framework; name = MessageUI.framework; path = System/Library/Frameworks/MessageUI.framework; sourceTree = SDKROOT; };
		66833B0B190EF61000D95DD8 /* ImageCache.h */ = {isa = PBXFileReference; fileEncoding = 4; lastKnownFileType = sourcecode.c.h; path = ImageCache.h; sourceTree = "<group>"; };
		66833B0C190EF61000D95DD8 /* ImageCache.m */ = {isa = PBXFileReference; fileEncoding = 4; lastKnownFileType = sourcecode.c.objc; path = ImageCache.m; sourceTree = "<group>"; };
		66DBEA4D18DF389900E2D696 /* SVProgressHUD.bundle */ = {isa = PBXFileReference; lastKnownFileType = "wrapper.plug-in"; path = SVProgressHUD.bundle; sourceTree = "<group>"; };
		66DBEA4E18DF389900E2D696 /* SVProgressHUD.h */ = {isa = PBXFileReference; fileEncoding = 4; lastKnownFileType = sourcecode.c.h; path = SVProgressHUD.h; sourceTree = "<group>"; };
		66DBEA4F18DF389900E2D696 /* SVProgressHUD.m */ = {isa = PBXFileReference; fileEncoding = 4; lastKnownFileType = sourcecode.c.objc; path = SVProgressHUD.m; sourceTree = "<group>"; };
		87066AD51901263500122CF1 /* UIGuideViewController.h */ = {isa = PBXFileReference; fileEncoding = 4; lastKnownFileType = sourcecode.c.h; path = UIGuideViewController.h; sourceTree = "<group>"; };
		87066AD61901263500122CF1 /* UIGuideViewController.m */ = {isa = PBXFileReference; fileEncoding = 4; lastKnownFileType = sourcecode.c.objc; path = UIGuideViewController.m; sourceTree = "<group>"; };
		87066ADA19028E4600122CF1 /* alert@2x.png */ = {isa = PBXFileReference; lastKnownFileType = image.png; path = "alert@2x.png"; sourceTree = "<group>"; };
		87066ADB19028E4600122CF1 /* bouton_notif_ajout_sent@2x.png */ = {isa = PBXFileReference; lastKnownFileType = image.png; path = "bouton_notif_ajout_sent@2x.png"; sourceTree = "<group>"; };
		87066ADC19028E4600122CF1 /* fol_alert@2x.png */ = {isa = PBXFileReference; lastKnownFileType = image.png; path = "fol_alert@2x.png"; sourceTree = "<group>"; };
		87066ADD19028E4600122CF1 /* fol_good@2x.png */ = {isa = PBXFileReference; lastKnownFileType = image.png; path = "fol_good@2x.png"; sourceTree = "<group>"; };
		87066ADE19028E4600122CF1 /* fol_warning@2x.png */ = {isa = PBXFileReference; lastKnownFileType = image.png; path = "fol_warning@2x.png"; sourceTree = "<group>"; };
		87066ADF19028E4600122CF1 /* good@2x.png */ = {isa = PBXFileReference; lastKnownFileType = image.png; path = "good@2x.png"; sourceTree = "<group>"; };
		87066AE019028E4600122CF1 /* h2h@2x.png */ = {isa = PBXFileReference; lastKnownFileType = image.png; path = "h2h@2x.png"; sourceTree = "<group>"; };
		87066AE119028E4600122CF1 /* h2h2@2x.png */ = {isa = PBXFileReference; lastKnownFileType = image.png; path = "h2h2@2x.png"; sourceTree = "<group>"; };
		87066AE219028E4600122CF1 /* ic_launcher@2x.png */ = {isa = PBXFileReference; lastKnownFileType = image.png; path = "ic_launcher@2x.png"; sourceTree = "<group>"; };
		87066AE319028E4600122CF1 /* icon_premium@2x.png */ = {isa = PBXFileReference; lastKnownFileType = image.png; path = "icon_premium@2x.png"; sourceTree = "<group>"; };
		87066AE419028E4600122CF1 /* launcher@2x.png */ = {isa = PBXFileReference; lastKnownFileType = image.png; path = "launcher@2x.png"; sourceTree = "<group>"; };
		87066AE519028E4600122CF1 /* letter_off@2x.png */ = {isa = PBXFileReference; lastKnownFileType = image.png; path = "letter_off@2x.png"; sourceTree = "<group>"; };
		87066AE619028E4600122CF1 /* lettre_on@2x.png */ = {isa = PBXFileReference; lastKnownFileType = image.png; path = "lettre_on@2x.png"; sourceTree = "<group>"; };
		87066AE719028E4600122CF1 /* logo@2x.png */ = {isa = PBXFileReference; lastKnownFileType = image.png; path = "logo@2x.png"; sourceTree = "<group>"; };
		87066AE819028E4600122CF1 /* marker_alert@2x.png */ = {isa = PBXFileReference; lastKnownFileType = image.png; path = "marker_alert@2x.png"; sourceTree = "<group>"; };
		87066AE919028E4600122CF1 /* marker_no_img@2x.png */ = {isa = PBXFileReference; lastKnownFileType = image.png; path = "marker_no_img@2x.png"; sourceTree = "<group>"; };
		87066AEA19028E4600122CF1 /* marker_ok@2x.png */ = {isa = PBXFileReference; lastKnownFileType = image.png; path = "marker_ok@2x.png"; sourceTree = "<group>"; };
		87066AEB19028E4600122CF1 /* marker_void@2x.png */ = {isa = PBXFileReference; lastKnownFileType = image.png; path = "marker_void@2x.png"; sourceTree = "<group>"; };
		87066AEC19028E4600122CF1 /* marker_warning@2x.png */ = {isa = PBXFileReference; lastKnownFileType = image.png; path = "marker_warning@2x.png"; sourceTree = "<group>"; };
		87066AED19028E4600122CF1 /* no_img@2x.jpg */ = {isa = PBXFileReference; lastKnownFileType = image.jpeg; path = "no_img@2x.jpg"; sourceTree = "<group>"; };
		87066AEE19028E4600122CF1 /* point_alert@2x.png */ = {isa = PBXFileReference; lastKnownFileType = image.png; path = "point_alert@2x.png"; sourceTree = "<group>"; };
		87066AEF19028E4600122CF1 /* point_ok@2x.png */ = {isa = PBXFileReference; lastKnownFileType = image.png; path = "point_ok@2x.png"; sourceTree = "<group>"; };
		87066AF019028E4600122CF1 /* point_warning@2x.png */ = {isa = PBXFileReference; lastKnownFileType = image.png; path = "point_warning@2x.png"; sourceTree = "<group>"; };
		87066AF119028E4600122CF1 /* premium@2x.png */ = {isa = PBXFileReference; lastKnownFileType = image.png; path = "premium@2x.png"; sourceTree = "<group>"; };
		87066AF219028E4600122CF1 /* refersh@2x.png */ = {isa = PBXFileReference; lastKnownFileType = image.png; path = "refersh@2x.png"; sourceTree = "<group>"; };
		87066AF319028E4600122CF1 /* sms@2x.png */ = {isa = PBXFileReference; lastKnownFileType = image.png; path = "sms@2x.png"; sourceTree = "<group>"; };
		8710294F1912B79C00E1C650 /* ListCell.h */ = {isa = PBXFileReference; fileEncoding = 4; lastKnownFileType = sourcecode.c.h; path = ListCell.h; sourceTree = "<group>"; };
		871029501912B79C00E1C650 /* ListCell.m */ = {isa = PBXFileReference; fileEncoding = 4; lastKnownFileType = sourcecode.c.objc; path = ListCell.m; sourceTree = "<group>"; };
		87102952191398DF00E1C650 /* ContactCell.h */ = {isa = PBXFileReference; fileEncoding = 4; lastKnownFileType = sourcecode.c.h; path = ContactCell.h; sourceTree = "<group>"; };
		87102953191398DF00E1C650 /* ContactCell.m */ = {isa = PBXFileReference; fileEncoding = 4; lastKnownFileType = sourcecode.c.objc; path = ContactCell.m; sourceTree = "<group>"; };
		871CB53018E6DC2B00E094F1 /* Navigation_Pro_ViewController.h */ = {isa = PBXFileReference; fileEncoding = 4; lastKnownFileType = sourcecode.c.h; path = Navigation_Pro_ViewController.h; sourceTree = "<group>"; };
		871CB53118E6DC2B00E094F1 /* Navigation_Pro_ViewController.m */ = {isa = PBXFileReference; fileEncoding = 4; lastKnownFileType = sourcecode.c.objc; path = Navigation_Pro_ViewController.m; sourceTree = "<group>"; };
		872443EF190D0B41001ECDA6 /* goodButton@2x.png */ = {isa = PBXFileReference; lastKnownFileType = image.png; path = "goodButton@2x.png"; sourceTree = "<group>"; };
		872443F0190D0B41001ECDA6 /* warningButton@2x.png */ = {isa = PBXFileReference; lastKnownFileType = image.png; path = "warningButton@2x.png"; sourceTree = "<group>"; };
		872443F3190D0DE4001ECDA6 /* GoodBut@2x.png */ = {isa = PBXFileReference; lastKnownFileType = image.png; path = "GoodBut@2x.png"; sourceTree = "<group>"; };
		872443F4190D0DE4001ECDA6 /* WarningBut@2x.png */ = {isa = PBXFileReference; lastKnownFileType = image.png; path = "WarningBut@2x.png"; sourceTree = "<group>"; };
		8743DBC419167DB100CB4526 /* JPSThumbnail.h */ = {isa = PBXFileReference; fileEncoding = 4; lastKnownFileType = sourcecode.c.h; name = JPSThumbnail.h; path = JPSThumbnailAnnotation/JPSThumbnail.h; sourceTree = "<group>"; };
		8743DBC519167DB100CB4526 /* JPSThumbnailAnnotation.h */ = {isa = PBXFileReference; fileEncoding = 4; lastKnownFileType = sourcecode.c.h; name = JPSThumbnailAnnotation.h; path = JPSThumbnailAnnotation/JPSThumbnailAnnotation.h; sourceTree = "<group>"; };
		8743DBC619167DB100CB4526 /* JPSThumbnailAnnotation.m */ = {isa = PBXFileReference; fileEncoding = 4; lastKnownFileType = sourcecode.c.objc; name = JPSThumbnailAnnotation.m; path = JPSThumbnailAnnotation/JPSThumbnailAnnotation.m; sourceTree = "<group>"; };
		8743DBC719167DB100CB4526 /* JPSThumbnailAnnotationView.h */ = {isa = PBXFileReference; fileEncoding = 4; lastKnownFileType = sourcecode.c.h; name = JPSThumbnailAnnotationView.h; path = JPSThumbnailAnnotation/JPSThumbnailAnnotationView.h; sourceTree = "<group>"; };
		8743DBC819167DB100CB4526 /* JPSThumbnailAnnotationView.m */ = {isa = PBXFileReference; fileEncoding = 4; lastKnownFileType = sourcecode.c.objc; name = JPSThumbnailAnnotationView.m; path = JPSThumbnailAnnotation/JPSThumbnailAnnotationView.m; sourceTree = "<group>"; };
		8743DBC919167DB100CB4526 /* JPSThumnail.m */ = {isa = PBXFileReference; fileEncoding = 4; lastKnownFileType = sourcecode.c.objc; name = JPSThumnail.m; path = JPSThumbnailAnnotation/JPSThumnail.m; sourceTree = "<group>"; };
		8743DBCD1916893D00CB4526 /* point_rouge.png */ = {isa = PBXFileReference; lastKnownFileType = image.png; path = point_rouge.png; sourceTree = "<group>"; };
		8743DBCE1916893D00CB4526 /* point_orange.png */ = {isa = PBXFileReference; lastKnownFileType = image.png; path = point_orange.png; sourceTree = "<group>"; };
		8743DBCF1916893D00CB4526 /* point_vert.png */ = {isa = PBXFileReference; lastKnownFileType = image.png; path = point_vert.png; sourceTree = "<group>"; };
		87769843191A55F200044407 /* default_profile.jpg */ = {isa = PBXFileReference; lastKnownFileType = image.jpeg; path = default_profile.jpg; sourceTree = "<group>"; };
		87937D98190EB99900D5C67F /* Visit@2x.png */ = {isa = PBXFileReference; lastKnownFileType = image.png; path = "Visit@2x.png"; sourceTree = "<group>"; };
		87937D9A190EBAAC00D5C67F /* valider@2x.png */ = {isa = PBXFileReference; lastKnownFileType = image.png; path = "valider@2x.png"; sourceTree = "<group>"; };
		87937D9C190EBD9C00D5C67F /* Orange@2x.png */ = {isa = PBXFileReference; lastKnownFileType = image.png; path = "Orange@2x.png"; sourceTree = "<group>"; };
		87937D9E190EBDCF00D5C67F /* Vert.png */ = {isa = PBXFileReference; lastKnownFileType = image.png; path = Vert.png; sourceTree = "<group>"; };
		87937DA0190EC12900D5C67F /* LeftBut@2x.png */ = {isa = PBXFileReference; lastKnownFileType = image.png; path = "LeftBut@2x.png"; sourceTree = "<group>"; };
		87937DA2190F040900D5C67F /* warning@2x.png */ = {isa = PBXFileReference; lastKnownFileType = image.png; path = "warning@2x.png"; sourceTree = "<group>"; };
		87A6A2FE18E0F3C300DC0D4A /* ViewController.m */ = {isa = PBXFileReference; fileEncoding = 4; lastKnownFileType = sourcecode.c.objc; path = ViewController.m; sourceTree = "<group>"; };
		87AA231A18EB5D31007381DD /* LeftViewProtege.h */ = {isa = PBXFileReference; fileEncoding = 4; lastKnownFileType = sourcecode.c.h; path = LeftViewProtege.h; sourceTree = "<group>"; };
		87AA231B18EB5D31007381DD /* LeftViewProtege.m */ = {isa = PBXFileReference; fileEncoding = 4; lastKnownFileType = sourcecode.c.objc; path = LeftViewProtege.m; sourceTree = "<group>"; };
		87DB88E11917B4DC00310380 /* RefListViewController.h */ = {isa = PBXFileReference; fileEncoding = 4; lastKnownFileType = sourcecode.c.h; path = RefListViewController.h; sourceTree = "<group>"; };
		87DB88E21917B4DC00310380 /* RefListViewController.m */ = {isa = PBXFileReference; fileEncoding = 4; lastKnownFileType = sourcecode.c.objc; path = RefListViewController.m; sourceTree = "<group>"; };
		87DB88E61918E34800310380 /* AlertScreen.png */ = {isa = PBXFileReference; lastKnownFileType = image.png; name = AlertScreen.png; path = image/Screen/AlertScreen.png; sourceTree = "<group>"; };
		87DB88E71918E34800310380 /* Contact.png */ = {isa = PBXFileReference; lastKnownFileType = image.png; name = Contact.png; path = image/Screen/Contact.png; sourceTree = "<group>"; };
		87DB88E81918E34800310380 /* Inscription.png */ = {isa = PBXFileReference; lastKnownFileType = image.png; name = Inscription.png; path = image/Screen/Inscription.png; sourceTree = "<group>"; };
		87DB88E91918E34800310380 /* Liste.png */ = {isa = PBXFileReference; lastKnownFileType = image.png; name = Liste.png; path = image/Screen/Liste.png; sourceTree = "<group>"; };
		87DB88EA1918E34800310380 /* Plan.png */ = {isa = PBXFileReference; lastKnownFileType = image.png; name = Plan.png; path = image/Screen/Plan.png; sourceTree = "<group>"; };
		87DE8E1C18ECBB6B005BCD0B /* UpdateAccountViewController.h */ = {isa = PBXFileReference; fileEncoding = 4; lastKnownFileType = sourcecode.c.h; path = UpdateAccountViewController.h; sourceTree = "<group>"; };
		87DE8E1D18ECBB6B005BCD0B /* UpdateAccountViewController.m */ = {isa = PBXFileReference; fileEncoding = 4; lastKnownFileType = sourcecode.c.objc; path = UpdateAccountViewController.m; sourceTree = "<group>"; };
/* End PBXFileReference section */

/* Begin PBXFrameworksBuildPhase section */
		66253DB918572BE100F3F062 /* Frameworks */ = {
			isa = PBXFrameworksBuildPhase;
			buildActionMask = 2147483647;
			files = (
				6625680B18E9CF61008ECFBF /* CoreLocation.framework in Frameworks */,
				664059FB1876145D00BA60F7 /* MessageUI.framework in Frameworks */,
				664059F21875D86C00BA60F7 /* AddressBookUI.framework in Frameworks */,
				664059F01875D86600BA60F7 /* AddressBook.framework in Frameworks */,
				664059EA1875ACE600BA60F7 /* MapKit.framework in Frameworks */,
				66030977186D96BE00FD855E /* AssetsLibrary.framework in Frameworks */,
				66253DC218572BE100F3F062 /* CoreGraphics.framework in Frameworks */,
				66253DC418572BE100F3F062 /* UIKit.framework in Frameworks */,
				66253DC018572BE100F3F062 /* Foundation.framework in Frameworks */,
			);
			runOnlyForDeploymentPostprocessing = 0;
		};
		66253DDA18572BE100F3F062 /* Frameworks */ = {
			isa = PBXFrameworksBuildPhase;
			buildActionMask = 2147483647;
			files = (
				66253DDF18572BE100F3F062 /* XCTest.framework in Frameworks */,
				66253DE118572BE100F3F062 /* UIKit.framework in Frameworks */,
				66253DE018572BE100F3F062 /* Foundation.framework in Frameworks */,
			);
			runOnlyForDeploymentPostprocessing = 0;
		};
/* End PBXFrameworksBuildPhase section */

/* Begin PBXGroup section */
		66030981186E38A800FD855E /* ALAssets */ = {
			isa = PBXGroup;
			children = (
				66030978186DF31600FD855E /* ALGroupViewController.h */,
				66030979186DF31600FD855E /* ALGroupViewController.m */,
				6603097E186E299B00FD855E /* ALAssetViewController.h */,
				6603097F186E299B00FD855E /* ALAssetViewController.m */,
				6603097B186E1AA400FD855E /* ALGroupCell.h */,
				6603097C186E1AA400FD855E /* ALGroupCell.m */,
				66030982186E38E400FD855E /* ALAssetCell.h */,
				66030983186E38E400FD855E /* ALAssetCell.m */,
			);
			name = ALAssets;
			sourceTree = "<group>";
		};
		66030988186EFC3300FD855E /* Inscription */ = {
			isa = PBXGroup;
			children = (
				66253E0B1857426400F3F062 /* SignUpViewController.h */,
				66253E0C1857426400F3F062 /* SignUpViewController.m */,
				6603096C186C53AF00FD855E /* signUpCell.h */,
				6603096D186C53AF00FD855E /* signUpCell.m */,
				66030985186EFC1D00FD855E /* CGUViewController.h */,
				66030986186EFC1D00FD855E /* CGUViewController.m */,
				66030981186E38A800FD855E /* ALAssets */,
			);
			name = Inscription;
			sourceTree = "<group>";
		};
		6603098B1870A51200FD855E /* Connexion */ = {
			isa = PBXGroup;
			children = (
				66253E0818573F7F00F3F062 /* LoginViewController.h */,
				66253E0918573F7F00F3F062 /* LoginViewController.m */,
			);
			name = Connexion;
			sourceTree = "<group>";
		};
		66253DB318572BE100F3F062 = {
			isa = PBXGroup;
			children = (
				87066AD819028E0000122CF1 /* Resources */,
				87DB88E41918C69F00310380 /* WebServices */,
				66DBEA4C18DF389900E2D696 /* SVProgressHUD */,
				664059D61875A7D100BA60F7 /* ViewDeck */,
				66253E07185738C400F3F062 /* OpenFlow */,
				66253DC518572BE100F3F062 /* H2H Feelsafe */,
				66253DE418572BE100F3F062 /* H2H FeelsafeTests */,
				66253DBE18572BE100F3F062 /* Frameworks */,
				66253DBD18572BE100F3F062 /* Products */,
			);
			sourceTree = "<group>";
		};
		66253DBD18572BE100F3F062 /* Products */ = {
			isa = PBXGroup;
			children = (
				66253DBC18572BE100F3F062 /* H2H Feelsafe.app */,
				66253DDD18572BE100F3F062 /* H2H FeelsafeTests.xctest */,
			);
			name = Products;
			sourceTree = "<group>";
		};
		66253DBE18572BE100F3F062 /* Frameworks */ = {
			isa = PBXGroup;
			children = (
				6625680A18E9CF61008ECFBF /* CoreLocation.framework */,
				664059FA1876145D00BA60F7 /* MessageUI.framework */,
				664059F11875D86C00BA60F7 /* AddressBookUI.framework */,
				664059EF1875D86600BA60F7 /* AddressBook.framework */,
				664059E91875ACE600BA60F7 /* MapKit.framework */,
				66030976186D96BE00FD855E /* AssetsLibrary.framework */,
				66253DBF18572BE100F3F062 /* Foundation.framework */,
				66253DC118572BE100F3F062 /* CoreGraphics.framework */,
				66253DC318572BE100F3F062 /* UIKit.framework */,
				66253DDE18572BE100F3F062 /* XCTest.framework */,
			);
			name = Frameworks;
			sourceTree = "<group>";
		};
		66253DC518572BE100F3F062 /* H2H Feelsafe */ = {
			isa = PBXGroup;
			children = (
				87DE8E1818ECBA19005BCD0B /* InfoCompte */,
				6603098B1870A51200FD855E /* Connexion */,
				66030988186EFC3300FD855E /* Inscription */,
				871CB52E18E6DADC00E094F1 /* Navigations */,
				66253DD418572BE100F3F062 /* ViewController.h */,
				87A6A2FE18E0F3C300DC0D4A /* ViewController.m */,
				66253DCE18572BE100F3F062 /* AppDelegate.h */,
				66253DCF18572BE100F3F062 /* AppDelegate.m */,
				66253DD118572BE100F3F062 /* Main.storyboard */,
				87066AD51901263500122CF1 /* UIGuideViewController.h */,
				87066AD61901263500122CF1 /* UIGuideViewController.m */,
				66253DD718572BE100F3F062 /* Images.xcassets */,
				66253DC618572BE100F3F062 /* Supporting Files */,
			);
			path = "H2H Feelsafe";
			sourceTree = "<group>";
		};
		66253DC618572BE100F3F062 /* Supporting Files */ = {
			isa = PBXGroup;
			children = (
				66253DC718572BE100F3F062 /* H2H Feelsafe-Info.plist */,
				66253DC818572BE100F3F062 /* InfoPlist.strings */,
				66253DCB18572BE100F3F062 /* main.m */,
				66253DCD18572BE100F3F062 /* H2H Feelsafe-Prefix.pch */,
			);
			name = "Supporting Files";
			sourceTree = "<group>";
		};
		66253DE418572BE100F3F062 /* H2H FeelsafeTests */ = {
			isa = PBXGroup;
			children = (
				66253DEA18572BE100F3F062 /* H2H_FeelsafeTests.m */,
				66253DE518572BE100F3F062 /* Supporting Files */,
			);
			path = "H2H FeelsafeTests";
			sourceTree = "<group>";
		};
		66253DE518572BE100F3F062 /* Supporting Files */ = {
			isa = PBXGroup;
			children = (
				66253DE618572BE100F3F062 /* H2H FeelsafeTests-Info.plist */,
				66253DE718572BE100F3F062 /* InfoPlist.strings */,
			);
			name = "Supporting Files";
			sourceTree = "<group>";
		};
		66253E07185738C400F3F062 /* OpenFlow */ = {
			isa = PBXGroup;
			children = (
				66253DFD185738BF00F3F062 /* AFItemView.h */,
				66253DFE185738BF00F3F062 /* AFItemView.m */,
				66253DFF185738BF00F3F062 /* AFOpenFlowConstants.h */,
				66253E00185738BF00F3F062 /* AFOpenFlowView.h */,
				66253E01185738BF00F3F062 /* AFOpenFlowView.m */,
				66253E02185738BF00F3F062 /* AFUIImageReflection.h */,
				66253E03185738BF00F3F062 /* AFUIImageReflection.m */,
			);
			name = OpenFlow;
			sourceTree = "<group>";
		};
		664059D61875A7D100BA60F7 /* ViewDeck */ = {
			isa = PBXGroup;
			children = (
				664059D71875A7D100BA60F7 /* IISideController.h */,
				664059D81875A7D100BA60F7 /* IISideController.m */,
				664059D91875A7D100BA60F7 /* IIViewDeckController.h */,
				664059DA1875A7D100BA60F7 /* IIViewDeckController.m */,
				664059DB1875A7D100BA60F7 /* IIWrapController.h */,
				664059DC1875A7D100BA60F7 /* IIWrapController.m */,
			);
			path = ViewDeck;
			sourceTree = "<group>";
		};
		664059F61875D96200BA60F7 /* Navigation_Ref */ = {
			isa = PBXGroup;
			children = (
				87C04333190694150048D0ED /* Pins */,
				664059E11875A83F00BA60F7 /* NavigationViewController.h */,
				664059E21875A83F00BA60F7 /* NavigationViewController.m */,
				664059E61875AB1700BA60F7 /* ListViewController.h */,
				664059E71875AB1700BA60F7 /* ListViewController.m */,
				8710294F1912B79C00E1C650 /* ListCell.h */,
				871029501912B79C00E1C650 /* ListCell.m */,
			);
			name = Navigation_Ref;
			sourceTree = "<group>";
		};
		66DBEA4C18DF389900E2D696 /* SVProgressHUD */ = {
			isa = PBXGroup;
			children = (
				66DBEA4D18DF389900E2D696 /* SVProgressHUD.bundle */,
				66DBEA4E18DF389900E2D696 /* SVProgressHUD.h */,
				66DBEA4F18DF389900E2D696 /* SVProgressHUD.m */,
			);
			path = SVProgressHUD;
			sourceTree = "<group>";
		};
		87066AD819028E0000122CF1 /* Resources */ = {
			isa = PBXGroup;
			children = (
				87DB88E51918C6C100310380 /* ScreenShot */,
				87066AD919028E4600122CF1 /* image */,
			);
			name = Resources;
			sourceTree = "<group>";
		};
		87066AD919028E4600122CF1 /* image */ = {
			isa = PBXGroup;
			children = (
				87769843191A55F200044407 /* default_profile.jpg */,
				87066ADA19028E4600122CF1 /* alert@2x.png */,
				87066ADB19028E4600122CF1 /* bouton_notif_ajout_sent@2x.png */,
				872443F3190D0DE4001ECDA6 /* GoodBut@2x.png */,
				872443F4190D0DE4001ECDA6 /* WarningBut@2x.png */,
				87066ADC19028E4600122CF1 /* fol_alert@2x.png */,
				87066ADD19028E4600122CF1 /* fol_good@2x.png */,
				87066ADE19028E4600122CF1 /* fol_warning@2x.png */,
				8743DBCD1916893D00CB4526 /* point_rouge.png */,
				8743DBCE1916893D00CB4526 /* point_orange.png */,
				8743DBCF1916893D00CB4526 /* point_vert.png */,
				87066ADF19028E4600122CF1 /* good@2x.png */,
				87066AE019028E4600122CF1 /* h2h@2x.png */,
				87066AE119028E4600122CF1 /* h2h2@2x.png */,
				87066AF119028E4600122CF1 /* premium@2x.png */,
				87937D98190EB99900D5C67F /* Visit@2x.png */,
				87066AE219028E4600122CF1 /* ic_launcher@2x.png */,
				87937DA2190F040900D5C67F /* warning@2x.png */,
				87066AE319028E4600122CF1 /* icon_premium@2x.png */,
				87937D9A190EBAAC00D5C67F /* valider@2x.png */,
				87066AE419028E4600122CF1 /* launcher@2x.png */,
				87066AE519028E4600122CF1 /* letter_off@2x.png */,
				87066AE619028E4600122CF1 /* lettre_on@2x.png */,
				87066AE719028E4600122CF1 /* logo@2x.png */,
				87066AE819028E4600122CF1 /* marker_alert@2x.png */,
				87066AE919028E4600122CF1 /* marker_no_img@2x.png */,
				87066AEA19028E4600122CF1 /* marker_ok@2x.png */,
				87066AEB19028E4600122CF1 /* marker_void@2x.png */,
				87066AEC19028E4600122CF1 /* marker_warning@2x.png */,
				87066AED19028E4600122CF1 /* no_img@2x.jpg */,
				87066AEE19028E4600122CF1 /* point_alert@2x.png */,
				87066AEF19028E4600122CF1 /* point_ok@2x.png */,
				87066AF019028E4600122CF1 /* point_warning@2x.png */,
				87937DA0190EC12900D5C67F /* LeftBut@2x.png */,
				87066AF219028E4600122CF1 /* refersh@2x.png */,
				872443EF190D0B41001ECDA6 /* goodButton@2x.png */,
				87937D9C190EBD9C00D5C67F /* Orange@2x.png */,
				872443F0190D0B41001ECDA6 /* warningButton@2x.png */,
				87937D9E190EBDCF00D5C67F /* Vert.png */,
				87066AF319028E4600122CF1 /* sms@2x.png */,
			);
			path = image;
			sourceTree = "<group>";
		};
		871CB52E18E6DADC00E094F1 /* Navigations */ = {
			isa = PBXGroup;
			children = (
				87102952191398DF00E1C650 /* ContactCell.h */,
				87102953191398DF00E1C650 /* ContactCell.m */,
				664059F31875D95300BA60F7 /* AddViewController.h */,
				664059F41875D95300BA60F7 /* AddViewController.m */,
				871CB52F18E6DAF700E094F1 /* Navigation_Pro */,
				664059F61875D96200BA60F7 /* Navigation_Ref */,
			);
			name = Navigations;
			sourceTree = "<group>";
		};
		871CB52F18E6DAF700E094F1 /* Navigation_Pro */ = {
			isa = PBXGroup;
			children = (
				871CB53018E6DC2B00E094F1 /* Navigation_Pro_ViewController.h */,
				871CB53118E6DC2B00E094F1 /* Navigation_Pro_ViewController.m */,
				87DB88E11917B4DC00310380 /* RefListViewController.h */,
				87DB88E21917B4DC00310380 /* RefListViewController.m */,
				87AA231A18EB5D31007381DD /* LeftViewProtege.h */,
				87AA231B18EB5D31007381DD /* LeftViewProtege.m */,
			);
			name = Navigation_Pro;
			sourceTree = "<group>";
		};
		87C04333190694150048D0ED /* Pins */ = {
			isa = PBXGroup;
			children = (
				8743DBC419167DB100CB4526 /* JPSThumbnail.h */,
				8743DBC519167DB100CB4526 /* JPSThumbnailAnnotation.h */,
				8743DBC619167DB100CB4526 /* JPSThumbnailAnnotation.m */,
				8743DBC719167DB100CB4526 /* JPSThumbnailAnnotationView.h */,
				8743DBC819167DB100CB4526 /* JPSThumbnailAnnotationView.m */,
				8743DBC919167DB100CB4526 /* JPSThumnail.m */,
			);
			name = Pins;
			sourceTree = "<group>";
		};
		87DB88E41918C69F00310380 /* WebServices */ = {
			isa = PBXGroup;
			children = (
				66253DF418572E9A00F3F062 /* WebServices.h */,
				66253DF518572E9A00F3F062 /* WebServices.m */,
				66833B0B190EF61000D95DD8 /* ImageCache.h */,
				66833B0C190EF61000D95DD8 /* ImageCache.m */,
			);
			name = WebServices;
			sourceTree = "<group>";
		};
		87DB88E51918C6C100310380 /* ScreenShot */ = {
			isa = PBXGroup;
			children = (
				87DB88E61918E34800310380 /* AlertScreen.png */,
				87DB88E71918E34800310380 /* Contact.png */,
				87DB88E81918E34800310380 /* Inscription.png */,
				87DB88E91918E34800310380 /* Liste.png */,
				87DB88EA1918E34800310380 /* Plan.png */,
			);
			name = ScreenShot;
			sourceTree = "<group>";
		};
		87DE8E1818ECBA19005BCD0B /* InfoCompte */ = {
			isa = PBXGroup;
			children = (
				87DE8E1C18ECBB6B005BCD0B /* UpdateAccountViewController.h */,
				87DE8E1D18ECBB6B005BCD0B /* UpdateAccountViewController.m */,
			);
			name = InfoCompte;
			sourceTree = "<group>";
		};
/* End PBXGroup section */

/* Begin PBXNativeTarget section */
		66253DBB18572BE100F3F062 /* H2H Feelsafe */ = {
			isa = PBXNativeTarget;
			buildConfigurationList = 66253DEE18572BE200F3F062 /* Build configuration list for PBXNativeTarget "H2H Feelsafe" */;
			buildPhases = (
				66253DB818572BE100F3F062 /* Sources */,
				66253DB918572BE100F3F062 /* Frameworks */,
				66253DBA18572BE100F3F062 /* Resources */,
			);
			buildRules = (
			);
			dependencies = (
			);
			name = "H2H Feelsafe";
			productName = "H2H Feelsafe";
			productReference = 66253DBC18572BE100F3F062 /* H2H Feelsafe.app */;
			productType = "com.apple.product-type.application";
		};
		66253DDC18572BE100F3F062 /* H2H FeelsafeTests */ = {
			isa = PBXNativeTarget;
			buildConfigurationList = 66253DF118572BE200F3F062 /* Build configuration list for PBXNativeTarget "H2H FeelsafeTests" */;
			buildPhases = (
				66253DD918572BE100F3F062 /* Sources */,
				66253DDA18572BE100F3F062 /* Frameworks */,
				66253DDB18572BE100F3F062 /* Resources */,
			);
			buildRules = (
			);
			dependencies = (
				66253DE318572BE100F3F062 /* PBXTargetDependency */,
			);
			name = "H2H FeelsafeTests";
			productName = "H2H FeelsafeTests";
			productReference = 66253DDD18572BE100F3F062 /* H2H FeelsafeTests.xctest */;
			productType = "com.apple.product-type.bundle.unit-test";
		};
/* End PBXNativeTarget section */

/* Begin PBXProject section */
		66253DB418572BE100F3F062 /* Project object */ = {
			isa = PBXProject;
			attributes = {
				LastUpgradeCheck = 0500;
				ORGANIZATIONNAME = "Maxime Berail";
				TargetAttributes = {
					66253DBB18572BE100F3F062 = {
						DevelopmentTeam = PCKYQNTV3N;
						SystemCapabilities = {
							com.apple.BackgroundModes = {
								enabled = 1;
							};
						};
					};
					66253DDC18572BE100F3F062 = {
						TestTargetID = 66253DBB18572BE100F3F062;
					};
				};
			};
			buildConfigurationList = 66253DB718572BE100F3F062 /* Build configuration list for PBXProject "H2H Feelsafe" */;
			compatibilityVersion = "Xcode 3.2";
			developmentRegion = English;
			hasScannedForEncodings = 0;
			knownRegions = (
				en,
				Base,
			);
			mainGroup = 66253DB318572BE100F3F062;
			productRefGroup = 66253DBD18572BE100F3F062 /* Products */;
			projectDirPath = "";
			projectRoot = "";
			targets = (
				66253DBB18572BE100F3F062 /* H2H Feelsafe */,
				66253DDC18572BE100F3F062 /* H2H FeelsafeTests */,
			);
		};
/* End PBXProject section */

/* Begin PBXResourcesBuildPhase section */
		66253DBA18572BE100F3F062 /* Resources */ = {
			isa = PBXResourcesBuildPhase;
			buildActionMask = 2147483647;
			files = (
				87066B0319028E4600122CF1 /* marker_alert@2x.png in Resources */,
				872443F6190D0DE4001ECDA6 /* WarningBut@2x.png in Resources */,
				87937D9F190EBDCF00D5C67F /* Vert.png in Resources */,
				87066AF919028E4600122CF1 /* fol_warning@2x.png in Resources */,
				87769844191A55F300044407 /* default_profile.jpg in Resources */,
				87937DA1190EC12900D5C67F /* LeftBut@2x.png in Resources */,
				87066AF619028E4600122CF1 /* bouton_notif_ajout_sent@2x.png in Resources */,
				87DB88EF1918E34800310380 /* Plan.png in Resources */,
				87066B0219028E4600122CF1 /* logo@2x.png in Resources */,
				8743DBD21916893D00CB4526 /* point_vert.png in Resources */,
				872443F1190D0B41001ECDA6 /* goodButton@2x.png in Resources */,
				87066AF519028E4600122CF1 /* alert@2x.png in Resources */,
				87066AF819028E4600122CF1 /* fol_good@2x.png in Resources */,
				87066B0D19028E4600122CF1 /* refersh@2x.png in Resources */,
				87066B0C19028E4600122CF1 /* premium@2x.png in Resources */,
				87DB88EE1918E34800310380 /* Liste.png in Resources */,
				87066AFD19028E4600122CF1 /* ic_launcher@2x.png in Resources */,
				8743DBD11916893D00CB4526 /* point_orange.png in Resources */,
				87066B0119028E4600122CF1 /* lettre_on@2x.png in Resources */,
				87066B0B19028E4600122CF1 /* point_warning@2x.png in Resources */,
				87066B0619028E4600122CF1 /* marker_void@2x.png in Resources */,
				87066B0A19028E4600122CF1 /* point_ok@2x.png in Resources */,
				87066AFF19028E4600122CF1 /* launcher@2x.png in Resources */,
				87066B0519028E4600122CF1 /* marker_ok@2x.png in Resources */,
				87066B0919028E4600122CF1 /* point_alert@2x.png in Resources */,
				87937D99190EB99900D5C67F /* Visit@2x.png in Resources */,
				87066B0819028E4600122CF1 /* no_img@2x.jpg in Resources */,
				87DB88EB1918E34800310380 /* AlertScreen.png in Resources */,
				87066AF719028E4600122CF1 /* fol_alert@2x.png in Resources */,
				8743DBD01916893D00CB4526 /* point_rouge.png in Resources */,
				66DBEA5018DF389900E2D696 /* SVProgressHUD.bundle in Resources */,
				87066B0019028E4600122CF1 /* letter_off@2x.png in Resources */,
				87066B0419028E4600122CF1 /* marker_no_img@2x.png in Resources */,
				87066AFE19028E4600122CF1 /* icon_premium@2x.png in Resources */,
				87066AFA19028E4600122CF1 /* good@2x.png in Resources */,
				87937D9B190EBAAC00D5C67F /* valider@2x.png in Resources */,
				66253DD818572BE100F3F062 /* Images.xcassets in Resources */,
				87DB88ED1918E34800310380 /* Inscription.png in Resources */,
				87066B0E19028E4600122CF1 /* sms@2x.png in Resources */,
				872443F5190D0DE4001ECDA6 /* GoodBut@2x.png in Resources */,
				87937DA3190F040900D5C67F /* warning@2x.png in Resources */,
				872443F2190D0B41001ECDA6 /* warningButton@2x.png in Resources */,
				66253DCA18572BE100F3F062 /* InfoPlist.strings in Resources */,
				66253DD318572BE100F3F062 /* Main.storyboard in Resources */,
				87066AFB19028E4600122CF1 /* h2h@2x.png in Resources */,
				87066AFC19028E4600122CF1 /* h2h2@2x.png in Resources */,
				87DB88EC1918E34800310380 /* Contact.png in Resources */,
				87066B0719028E4600122CF1 /* marker_warning@2x.png in Resources */,
				87937D9D190EBD9C00D5C67F /* Orange@2x.png in Resources */,
			);
			runOnlyForDeploymentPostprocessing = 0;
		};
		66253DDB18572BE100F3F062 /* Resources */ = {
			isa = PBXResourcesBuildPhase;
			buildActionMask = 2147483647;
			files = (
				66253DE918572BE100F3F062 /* InfoPlist.strings in Resources */,
			);
			runOnlyForDeploymentPostprocessing = 0;
		};
/* End PBXResourcesBuildPhase section */

/* Begin PBXSourcesBuildPhase section */
		66253DB818572BE100F3F062 /* Sources */ = {
			isa = PBXSourcesBuildPhase;
			buildActionMask = 2147483647;
			files = (
				87AA231C18EB5D31007381DD /* LeftViewProtege.m in Sources */,
				66253E0A18573F7F00F3F062 /* LoginViewController.m in Sources */,
				87DE8E1E18ECBB6B005BCD0B /* UpdateAccountViewController.m in Sources */,
				66030984186E38E400FD855E /* ALAssetCell.m in Sources */,
				66253E05185738BF00F3F062 /* AFOpenFlowView.m in Sources */,
				87102954191398DF00E1C650 /* ContactCell.m in Sources */,
				66253E06185738BF00F3F062 /* AFUIImageReflection.m in Sources */,
				664059DF1875A7D100BA60F7 /* IIWrapController.m in Sources */,
				6603097A186DF31600FD855E /* ALGroupViewController.m in Sources */,
				87066AD71901263500122CF1 /* UIGuideViewController.m in Sources */,
				664059E31875A83F00BA60F7 /* NavigationViewController.m in Sources */,
				66253DD018572BE100F3F062 /* AppDelegate.m in Sources */,
				66DBEA5118DF389900E2D696 /* SVProgressHUD.m in Sources */,
				87DB88E31917B4DC00310380 /* RefListViewController.m in Sources */,
				871029511912B79C00E1C650 /* ListCell.m in Sources */,
				6603097D186E1AA400FD855E /* ALGroupCell.m in Sources */,
				664059E81875AB1700BA60F7 /* ListViewController.m in Sources */,
				664059DD1875A7D100BA60F7 /* IISideController.m in Sources */,
				66030980186E299B00FD855E /* ALAssetViewController.m in Sources */,
				6603096E186C53AF00FD855E /* signUpCell.m in Sources */,
				66253DF618572E9A00F3F062 /* WebServices.m in Sources */,
				66030987186EFC1D00FD855E /* CGUViewController.m in Sources */,
				87A6A2FF18E0F3C300DC0D4A /* ViewController.m in Sources */,
				664059DE1875A7D100BA60F7 /* IIViewDeckController.m in Sources */,
				664059F51875D95300BA60F7 /* AddViewController.m in Sources */,
				871CB53218E6DC2B00E094F1 /* Navigation_Pro_ViewController.m in Sources */,
				66253DCC18572BE100F3F062 /* main.m in Sources */,
				66253E04185738BF00F3F062 /* AFItemView.m in Sources */,
				66833B0D190EF61000D95DD8 /* ImageCache.m in Sources */,
				8743DBCC19167DB100CB4526 /* JPSThumnail.m in Sources */,
				8743DBCB19167DB100CB4526 /* JPSThumbnailAnnotationView.m in Sources */,
				66253E0D1857426400F3F062 /* SignUpViewController.m in Sources */,
				8743DBCA19167DB100CB4526 /* JPSThumbnailAnnotation.m in Sources */,
			);
			runOnlyForDeploymentPostprocessing = 0;
		};
		66253DD918572BE100F3F062 /* Sources */ = {
			isa = PBXSourcesBuildPhase;
			buildActionMask = 2147483647;
			files = (
				66253DEB18572BE100F3F062 /* H2H_FeelsafeTests.m in Sources */,
			);
			runOnlyForDeploymentPostprocessing = 0;
		};
/* End PBXSourcesBuildPhase section */

/* Begin PBXTargetDependency section */
		66253DE318572BE100F3F062 /* PBXTargetDependency */ = {
			isa = PBXTargetDependency;
			target = 66253DBB18572BE100F3F062 /* H2H Feelsafe */;
			targetProxy = 66253DE218572BE100F3F062 /* PBXContainerItemProxy */;
		};
/* End PBXTargetDependency section */

/* Begin PBXVariantGroup section */
		66253DC818572BE100F3F062 /* InfoPlist.strings */ = {
			isa = PBXVariantGroup;
			children = (
				66253DC918572BE100F3F062 /* en */,
			);
			name = InfoPlist.strings;
			sourceTree = "<group>";
		};
		66253DD118572BE100F3F062 /* Main.storyboard */ = {
			isa = PBXVariantGroup;
			children = (
				66253DD218572BE100F3F062 /* Base */,
			);
			name = Main.storyboard;
			sourceTree = "<group>";
		};
		66253DE718572BE100F3F062 /* InfoPlist.strings */ = {
			isa = PBXVariantGroup;
			children = (
				66253DE818572BE100F3F062 /* en */,
			);
			name = InfoPlist.strings;
			sourceTree = "<group>";
		};
/* End PBXVariantGroup section */

/* Begin XCBuildConfiguration section */
		66253DEC18572BE200F3F062 /* Debug */ = {
			isa = XCBuildConfiguration;
			buildSettings = {
				ALWAYS_SEARCH_USER_PATHS = NO;
				ARCHS = "$(ARCHS_STANDARD_INCLUDING_64_BIT)";
				CLANG_CXX_LANGUAGE_STANDARD = "gnu++0x";
				CLANG_CXX_LIBRARY = "libc++";
				CLANG_ENABLE_MODULES = YES;
				CLANG_ENABLE_OBJC_ARC = YES;
				CLANG_WARN_BOOL_CONVERSION = YES;
				CLANG_WARN_CONSTANT_CONVERSION = YES;
				CLANG_WARN_DIRECT_OBJC_ISA_USAGE = YES_ERROR;
				CLANG_WARN_EMPTY_BODY = YES;
				CLANG_WARN_ENUM_CONVERSION = YES;
				CLANG_WARN_INT_CONVERSION = YES;
				CLANG_WARN_OBJC_ROOT_CLASS = YES_ERROR;
				CLANG_WARN__DUPLICATE_METHOD_MATCH = YES;
				"CODE_SIGN_IDENTITY[sdk=iphoneos*]" = "iPhone Developer";
				COPY_PHASE_STRIP = NO;
				GCC_C_LANGUAGE_STANDARD = gnu99;
				GCC_DYNAMIC_NO_PIC = NO;
				GCC_OPTIMIZATION_LEVEL = 0;
				GCC_PREPROCESSOR_DEFINITIONS = (
					"DEBUG=1",
					"$(inherited)",
				);
				GCC_SYMBOLS_PRIVATE_EXTERN = NO;
				GCC_WARN_64_TO_32_BIT_CONVERSION = YES;
				GCC_WARN_ABOUT_RETURN_TYPE = YES_ERROR;
				GCC_WARN_UNDECLARED_SELECTOR = YES;
				GCC_WARN_UNINITIALIZED_AUTOS = YES;
				GCC_WARN_UNUSED_FUNCTION = YES;
				GCC_WARN_UNUSED_VARIABLE = YES;
				IPHONEOS_DEPLOYMENT_TARGET = 7.0;
				ONLY_ACTIVE_ARCH = YES;
				SDKROOT = iphoneos;
			};
			name = Debug;
		};
		66253DED18572BE200F3F062 /* Release */ = {
			isa = XCBuildConfiguration;
			buildSettings = {
				ALWAYS_SEARCH_USER_PATHS = NO;
				ARCHS = "$(ARCHS_STANDARD_INCLUDING_64_BIT)";
				CLANG_CXX_LANGUAGE_STANDARD = "gnu++0x";
				CLANG_CXX_LIBRARY = "libc++";
				CLANG_ENABLE_MODULES = YES;
				CLANG_ENABLE_OBJC_ARC = YES;
				CLANG_WARN_BOOL_CONVERSION = YES;
				CLANG_WARN_CONSTANT_CONVERSION = YES;
				CLANG_WARN_DIRECT_OBJC_ISA_USAGE = YES_ERROR;
				CLANG_WARN_EMPTY_BODY = YES;
				CLANG_WARN_ENUM_CONVERSION = YES;
				CLANG_WARN_INT_CONVERSION = YES;
				CLANG_WARN_OBJC_ROOT_CLASS = YES_ERROR;
				CLANG_WARN__DUPLICATE_METHOD_MATCH = YES;
				"CODE_SIGN_IDENTITY[sdk=iphoneos*]" = "iPhone Developer";
				COPY_PHASE_STRIP = YES;
				ENABLE_NS_ASSERTIONS = NO;
				GCC_C_LANGUAGE_STANDARD = gnu99;
				GCC_WARN_64_TO_32_BIT_CONVERSION = YES;
				GCC_WARN_ABOUT_RETURN_TYPE = YES_ERROR;
				GCC_WARN_UNDECLARED_SELECTOR = YES;
				GCC_WARN_UNINITIALIZED_AUTOS = YES;
				GCC_WARN_UNUSED_FUNCTION = YES;
				GCC_WARN_UNUSED_VARIABLE = YES;
				IPHONEOS_DEPLOYMENT_TARGET = 7.0;
				SDKROOT = iphoneos;
				VALIDATE_PRODUCT = YES;
			};
			name = Release;
		};
		66253DEF18572BE200F3F062 /* Debug */ = {
			isa = XCBuildConfiguration;
			buildSettings = {
				ASSETCATALOG_COMPILER_APPICON_NAME = AppIcon;
				ASSETCATALOG_COMPILER_LAUNCHIMAGE_NAME = LaunchImage;
				CODE_SIGN_IDENTITY = "iPhone Developer: Pierre perrin (RU3Y69QJ9N)";
				"CODE_SIGN_IDENTITY[sdk=iphoneos*]" = "iPhone Developer: Pierre perrin (RU3Y69QJ9N)";
				GCC_PRECOMPILE_PREFIX_HEADER = YES;
				GCC_PREFIX_HEADER = "H2H Feelsafe/H2H Feelsafe-Prefix.pch";
				INFOPLIST_FILE = "H2H Feelsafe/H2H Feelsafe-Info.plist";
				PRODUCT_NAME = "$(TARGET_NAME)";
				PROVISIONING_PROFILE = "5BBB2F5D-BC96-4FD1-9918-AE92457DEA0D";
				WRAPPER_EXTENSION = app;
			};
			name = Debug;
		};
		66253DF018572BE200F3F062 /* Release */ = {
			isa = XCBuildConfiguration;
			buildSettings = {
				ASSETCATALOG_COMPILER_APPICON_NAME = AppIcon;
				ASSETCATALOG_COMPILER_LAUNCHIMAGE_NAME = LaunchImage;
				CODE_SIGN_IDENTITY = "iPhone Developer: Pierre perrin (RU3Y69QJ9N)";
				"CODE_SIGN_IDENTITY[sdk=iphoneos*]" = "iPhone Developer: Pierre perrin (RU3Y69QJ9N)";
				GCC_PRECOMPILE_PREFIX_HEADER = YES;
				GCC_PREFIX_HEADER = "H2H Feelsafe/H2H Feelsafe-Prefix.pch";
				INFOPLIST_FILE = "H2H Feelsafe/H2H Feelsafe-Info.plist";
				PRODUCT_NAME = "$(TARGET_NAME)";
				PROVISIONING_PROFILE = "5BBB2F5D-BC96-4FD1-9918-AE92457DEA0D";
				WRAPPER_EXTENSION = app;
			};
			name = Release;
		};
		66253DF218572BE200F3F062 /* Debug */ = {
			isa = XCBuildConfiguration;
			buildSettings = {
				ARCHS = "$(ARCHS_STANDARD_INCLUDING_64_BIT)";
				BUNDLE_LOADER = "$(BUILT_PRODUCTS_DIR)/H2H Feelsafe.app/H2H Feelsafe";
				FRAMEWORK_SEARCH_PATHS = (
					"$(SDKROOT)/Developer/Library/Frameworks",
					"$(inherited)",
					"$(DEVELOPER_FRAMEWORKS_DIR)",
				);
				GCC_PRECOMPILE_PREFIX_HEADER = YES;
				GCC_PREFIX_HEADER = "H2H Feelsafe/H2H Feelsafe-Prefix.pch";
				GCC_PREPROCESSOR_DEFINITIONS = (
					"DEBUG=1",
					"$(inherited)",
				);
				INFOPLIST_FILE = "H2H FeelsafeTests/H2H FeelsafeTests-Info.plist";
				PRODUCT_NAME = "$(TARGET_NAME)";
				TEST_HOST = "$(BUNDLE_LOADER)";
				WRAPPER_EXTENSION = xctest;
			};
			name = Debug;
		};
		66253DF318572BE200F3F062 /* Release */ = {
			isa = XCBuildConfiguration;
			buildSettings = {
				ARCHS = "$(ARCHS_STANDARD_INCLUDING_64_BIT)";
				BUNDLE_LOADER = "$(BUILT_PRODUCTS_DIR)/H2H Feelsafe.app/H2H Feelsafe";
				FRAMEWORK_SEARCH_PATHS = (
					"$(SDKROOT)/Developer/Library/Frameworks",
					"$(inherited)",
					"$(DEVELOPER_FRAMEWORKS_DIR)",
				);
				GCC_PRECOMPILE_PREFIX_HEADER = YES;
				GCC_PREFIX_HEADER = "H2H Feelsafe/H2H Feelsafe-Prefix.pch";
				INFOPLIST_FILE = "H2H FeelsafeTests/H2H FeelsafeTests-Info.plist";
				PRODUCT_NAME = "$(TARGET_NAME)";
				TEST_HOST = "$(BUNDLE_LOADER)";
				WRAPPER_EXTENSION = xctest;
			};
			name = Release;
		};
/* End XCBuildConfiguration section */

/* Begin XCConfigurationList section */
		66253DB718572BE100F3F062 /* Build configuration list for PBXProject "H2H Feelsafe" */ = {
			isa = XCConfigurationList;
			buildConfigurations = (
				66253DEC18572BE200F3F062 /* Debug */,
				66253DED18572BE200F3F062 /* Release */,
			);
			defaultConfigurationIsVisible = 0;
			defaultConfigurationName = Release;
		};
		66253DEE18572BE200F3F062 /* Build configuration list for PBXNativeTarget "H2H Feelsafe" */ = {
			isa = XCConfigurationList;
			buildConfigurations = (
				66253DEF18572BE200F3F062 /* Debug */,
				66253DF018572BE200F3F062 /* Release */,
			);
			defaultConfigurationIsVisible = 0;
			defaultConfigurationName = Release;
		};
		66253DF118572BE200F3F062 /* Build configuration list for PBXNativeTarget "H2H FeelsafeTests" */ = {
			isa = XCConfigurationList;
			buildConfigurations = (
				66253DF218572BE200F3F062 /* Debug */,
				66253DF318572BE200F3F062 /* Release */,
			);
			defaultConfigurationIsVisible = 0;
			defaultConfigurationName = Release;
		};
/* End XCConfigurationList section */
	};
	rootObject = 66253DB418572BE100F3F062 /* Project object */;
}
