// !$*UTF8*$!
{
	archiveVersion = 1;
	classes = {
	};
	objectVersion = 46;
	objects = {

/* Begin PBXBuildFile section */
		6603096E186C53AF00FD855E /* signUpCell.m in Sources */ = {isa = PBXBuildFile; fileRef = 6603096D186C53AF00FD855E /* signUpCell.m */; };
		66030973186C7F0100FD855E /* default_profile.jpg in Resources */ = {isa = PBXBuildFile; fileRef = 66030972186C7F0100FD855E /* default_profile.jpg */; };
		66030977186D96BE00FD855E /* AssetsLibrary.framework in Frameworks */ = {isa = PBXBuildFile; fileRef = 66030976186D96BE00FD855E /* AssetsLibrary.framework */; };
		6603097A186DF31600FD855E /* ALGroupViewController.m in Sources */ = {isa = PBXBuildFile; fileRef = 66030979186DF31600FD855E /* ALGroupViewController.m */; };
		6603097D186E1AA400FD855E /* ALGroupCell.m in Sources */ = {isa = PBXBuildFile; fileRef = 6603097C186E1AA400FD855E /* ALGroupCell.m */; };
		66030980186E299B00FD855E /* ALAssetViewController.m in Sources */ = {isa = PBXBuildFile; fileRef = 6603097F186E299B00FD855E /* ALAssetViewController.m */; };
		66030984186E38E400FD855E /* ALAssetCell.m in Sources */ = {isa = PBXBuildFile; fileRef = 66030983186E38E400FD855E /* ALAssetCell.m */; };
		66030987186EFC1D00FD855E /* CGUViewController.m in Sources */ = {isa = PBXBuildFile; fileRef = 66030986186EFC1D00FD855E /* CGUViewController.m */; };
		66253DC018572BE100F3F062 /* Foundation.framework in Frameworks */ = {isa = PBXBuildFile; fileRef = 66253DBF18572BE100F3F062 /* Foundation.framework */; };
		66253DC218572BE100F3F062 /* CoreGraphics.framework in Frameworks */ = {isa = PBXBuildFile; fileRef = 66253DC118572BE100F3F062 /* CoreGraphics.framework */; };
		66253DC418572BE100F3F062 /* UIKit.framework in Frameworks */ = {isa = PBXBuildFile; fileRef = 66253DC318572BE100F3F062 /* UIKit.framework */; };
		66253DCA18572BE100F3F062 /* InfoPlist.strings in Resources */ = {isa = PBXBuildFile; fileRef = 66253DC818572BE100F3F062 /* InfoPlist.strings */; };
		66253DCC18572BE100F3F062 /* main.m in Sources */ = {isa = PBXBuildFile; fileRef = 66253DCB18572BE100F3F062 /* main.m */; };
		66253DD018572BE100F3F062 /* AppDelegate.m in Sources */ = {isa = PBXBuildFile; fileRef = 66253DCF18572BE100F3F062 /* AppDelegate.m */; };
		66253DD318572BE100F3F062 /* Main.storyboard in Resources */ = {isa = PBXBuildFile; fileRef = 66253DD118572BE100F3F062 /* Main.storyboard */; };
		66253DD818572BE100F3F062 /* Images.xcassets in Resources */ = {isa = PBXBuildFile; fileRef = 66253DD718572BE100F3F062 /* Images.xcassets */; };
		66253DDF18572BE100F3F062 /* XCTest.framework in Frameworks */ = {isa = PBXBuildFile; fileRef = 66253DDE18572BE100F3F062 /* XCTest.framework */; };
		66253DE018572BE100F3F062 /* Foundation.framework in Frameworks */ = {isa = PBXBuildFile; fileRef = 66253DBF18572BE100F3F062 /* Foundation.framework */; };
		66253DE118572BE100F3F062 /* UIKit.framework in Frameworks */ = {isa = PBXBuildFile; fileRef = 66253DC318572BE100F3F062 /* UIKit.framework */; };
		66253DE918572BE100F3F062 /* InfoPlist.strings in Resources */ = {isa = PBXBuildFile; fileRef = 66253DE718572BE100F3F062 /* InfoPlist.strings */; };
		66253DEB18572BE100F3F062 /* H2H_FeelsafeTests.m in Sources */ = {isa = PBXBuildFile; fileRef = 66253DEA18572BE100F3F062 /* H2H_FeelsafeTests.m */; };
		66253DF618572E9A00F3F062 /* WebServices.m in Sources */ = {isa = PBXBuildFile; fileRef = 66253DF518572E9A00F3F062 /* WebServices.m */; };
		66253DFC185735A200F3F062 /* textaerea@2x.png in Resources */ = {isa = PBXBuildFile; fileRef = 66253DFB185735A200F3F062 /* textaerea@2x.png */; };
		66253E04185738BF00F3F062 /* AFItemView.m in Sources */ = {isa = PBXBuildFile; fileRef = 66253DFE185738BF00F3F062 /* AFItemView.m */; settings = {COMPILER_FLAGS = "-fno-objc-arc"; }; };
		66253E05185738BF00F3F062 /* AFOpenFlowView.m in Sources */ = {isa = PBXBuildFile; fileRef = 66253E01185738BF00F3F062 /* AFOpenFlowView.m */; settings = {COMPILER_FLAGS = "-fno-objc-arc"; }; };
		66253E06185738BF00F3F062 /* AFUIImageReflection.m in Sources */ = {isa = PBXBuildFile; fileRef = 66253E03185738BF00F3F062 /* AFUIImageReflection.m */; settings = {COMPILER_FLAGS = "-fno-objc-arc"; }; };
		66253E0A18573F7F00F3F062 /* LoginViewController.m in Sources */ = {isa = PBXBuildFile; fileRef = 66253E0918573F7F00F3F062 /* LoginViewController.m */; };
		66253E0D1857426400F3F062 /* SignUpViewController.m in Sources */ = {isa = PBXBuildFile; fileRef = 66253E0C1857426400F3F062 /* SignUpViewController.m */; };
		6625680B18E9CF61008ECFBF /* CoreLocation.framework in Frameworks */ = {isa = PBXBuildFile; fileRef = 6625680A18E9CF61008ECFBF /* CoreLocation.framework */; };
		664059DD1875A7D100BA60F7 /* IISideController.m in Sources */ = {isa = PBXBuildFile; fileRef = 664059D81875A7D100BA60F7 /* IISideController.m */; };
		664059DE1875A7D100BA60F7 /* IIViewDeckController.m in Sources */ = {isa = PBXBuildFile; fileRef = 664059DA1875A7D100BA60F7 /* IIViewDeckController.m */; };
		664059DF1875A7D100BA60F7 /* IIWrapController.m in Sources */ = {isa = PBXBuildFile; fileRef = 664059DC1875A7D100BA60F7 /* IIWrapController.m */; };
		664059E31875A83F00BA60F7 /* NavigationViewController.m in Sources */ = {isa = PBXBuildFile; fileRef = 664059E21875A83F00BA60F7 /* NavigationViewController.m */; };
		664059E81875AB1700BA60F7 /* ListViewController.m in Sources */ = {isa = PBXBuildFile; fileRef = 664059E71875AB1700BA60F7 /* ListViewController.m */; };
		664059EA1875ACE600BA60F7 /* MapKit.framework in Frameworks */ = {isa = PBXBuildFile; fileRef = 664059E91875ACE600BA60F7 /* MapKit.framework */; };
		664059EC1875B21400BA60F7 /* 19-gear.png in Resources */ = {isa = PBXBuildFile; fileRef = 664059EB1875B21400BA60F7 /* 19-gear.png */; };
		664059EE1875B26C00BA60F7 /* user_add.png in Resources */ = {isa = PBXBuildFile; fileRef = 664059ED1875B26C00BA60F7 /* user_add.png */; };
		664059F01875D86600BA60F7 /* AddressBook.framework in Frameworks */ = {isa = PBXBuildFile; fileRef = 664059EF1875D86600BA60F7 /* AddressBook.framework */; };
		664059F21875D86C00BA60F7 /* AddressBookUI.framework in Frameworks */ = {isa = PBXBuildFile; fileRef = 664059F11875D86C00BA60F7 /* AddressBookUI.framework */; };
		664059F51875D95300BA60F7 /* AddViewController.m in Sources */ = {isa = PBXBuildFile; fileRef = 664059F41875D95300BA60F7 /* AddViewController.m */; };
		664059FB1876145D00BA60F7 /* MessageUI.framework in Frameworks */ = {isa = PBXBuildFile; fileRef = 664059FA1876145D00BA60F7 /* MessageUI.framework */; };
		66DBEA5018DF389900E2D696 /* SVProgressHUD.bundle in Resources */ = {isa = PBXBuildFile; fileRef = 66DBEA4D18DF389900E2D696 /* SVProgressHUD.bundle */; };
		66DBEA5118DF389900E2D696 /* SVProgressHUD.m in Sources */ = {isa = PBXBuildFile; fileRef = 66DBEA4F18DF389900E2D696 /* SVProgressHUD.m */; };
		871CB53218E6DC2B00E094F1 /* Navigation_Pro_ViewController.m in Sources */ = {isa = PBXBuildFile; fileRef = 871CB53118E6DC2B00E094F1 /* Navigation_Pro_ViewController.m */; };
		878B091518F99E4700D388E7 /* ProAddViewController.m in Sources */ = {isa = PBXBuildFile; fileRef = 878B091418F99E4700D388E7 /* ProAddViewController.m */; };
		87A6A2FD18E0F31300DC0D4A /* 01_Accueil_IOS7_v2.jpg in Resources */ = {isa = PBXBuildFile; fileRef = 87A6A2FC18E0F31300DC0D4A /* 01_Accueil_IOS7_v2.jpg */; };
		87A6A2FF18E0F3C300DC0D4A /* ViewController.m in Sources */ = {isa = PBXBuildFile; fileRef = 87A6A2FE18E0F3C300DC0D4A /* ViewController.m */; };
		87A6A30118E0F44900DC0D4A /* 02_Plan_Suivis_IOS7_v3.jpg in Resources */ = {isa = PBXBuildFile; fileRef = 87A6A30018E0F44900DC0D4A /* 02_Plan_Suivis_IOS7_v3.jpg */; };
		87A6A30318E0F4A300DC0D4A /* 03_Liste_Suivis_IOS7_v3.jpg in Resources */ = {isa = PBXBuildFile; fileRef = 87A6A30218E0F4A300DC0D4A /* 03_Liste_Suivis_IOS7_v3.jpg */; };
		87A6A30518E0F4C300DC0D4A /* 04_Alertes_IOS7_v3.jpg in Resources */ = {isa = PBXBuildFile; fileRef = 87A6A30418E0F4C300DC0D4A /* 04_Alertes_IOS7_v3.jpg */; };
		87A6A30718E0F4DC00DC0D4A /* 05_Diaporama_IOS7_v3.jpg in Resources */ = {isa = PBXBuildFile; fileRef = 87A6A30618E0F4DC00DC0D4A /* 05_Diaporama_IOS7_v3.jpg */; };
		87AA231C18EB5D31007381DD /* LeftViewProtege.m in Sources */ = {isa = PBXBuildFile; fileRef = 87AA231B18EB5D31007381DD /* LeftViewProtege.m */; };
		87DE8E1E18ECBB6B005BCD0B /* UpdateAccountViewController.m in Sources */ = {isa = PBXBuildFile; fileRef = 87DE8E1D18ECBB6B005BCD0B /* UpdateAccountViewController.m */; };
		87DE8E2118ECC758005BCD0B /* UptadeCell.m in Sources */ = {isa = PBXBuildFile; fileRef = 87DE8E2018ECC758005BCD0B /* UptadeCell.m */; };
/* End PBXBuildFile section */

/* Begin PBXContainerItemProxy section */
		66253DE218572BE100F3F062 /* PBXContainerItemProxy */ = {
			isa = PBXContainerItemProxy;
			containerPortal = 66253DB418572BE100F3F062 /* Project object */;
			proxyType = 1;
			remoteGlobalIDString = 66253DBB18572BE100F3F062;
			remoteInfo = "H2H Feelsafe";
		};
/* End PBXContainerItemProxy section */

/* Begin PBXFileReference section */
		6603096C186C53AF00FD855E /* signUpCell.h */ = {isa = PBXFileReference; fileEncoding = 4; lastKnownFileType = sourcecode.c.h; path = signUpCell.h; sourceTree = "<group>"; };
		6603096D186C53AF00FD855E /* signUpCell.m */ = {isa = PBXFileReference; fileEncoding = 4; lastKnownFileType = sourcecode.c.objc; path = signUpCell.m; sourceTree = "<group>"; };
		66030972186C7F0100FD855E /* default_profile.jpg */ = {isa = PBXFileReference; lastKnownFileType = image.jpeg; path = default_profile.jpg; sourceTree = "<group>"; };
		66030976186D96BE00FD855E /* AssetsLibrary.framework */ = {isa = PBXFileReference; lastKnownFileType = wrapper.framework; name = AssetsLibrary.framework; path = System/Library/Frameworks/AssetsLibrary.framework; sourceTree = SDKROOT; };
		66030978186DF31600FD855E /* ALGroupViewController.h */ = {isa = PBXFileReference; fileEncoding = 4; lastKnownFileType = sourcecode.c.h; path = ALGroupViewController.h; sourceTree = "<group>"; };
		66030979186DF31600FD855E /* ALGroupViewController.m */ = {isa = PBXFileReference; fileEncoding = 4; lastKnownFileType = sourcecode.c.objc; path = ALGroupViewController.m; sourceTree = "<group>"; };
		6603097B186E1AA400FD855E /* ALGroupCell.h */ = {isa = PBXFileReference; fileEncoding = 4; lastKnownFileType = sourcecode.c.h; path = ALGroupCell.h; sourceTree = "<group>"; };
		6603097C186E1AA400FD855E /* ALGroupCell.m */ = {isa = PBXFileReference; fileEncoding = 4; lastKnownFileType = sourcecode.c.objc; path = ALGroupCell.m; sourceTree = "<group>"; };
		6603097E186E299B00FD855E /* ALAssetViewController.h */ = {isa = PBXFileReference; fileEncoding = 4; lastKnownFileType = sourcecode.c.h; path = ALAssetViewController.h; sourceTree = "<group>"; };
		6603097F186E299B00FD855E /* ALAssetViewController.m */ = {isa = PBXFileReference; fileEncoding = 4; lastKnownFileType = sourcecode.c.objc; path = ALAssetViewController.m; sourceTree = "<group>"; };
		66030982186E38E400FD855E /* ALAssetCell.h */ = {isa = PBXFileReference; fileEncoding = 4; lastKnownFileType = sourcecode.c.h; path = ALAssetCell.h; sourceTree = "<group>"; };
		66030983186E38E400FD855E /* ALAssetCell.m */ = {isa = PBXFileReference; fileEncoding = 4; lastKnownFileType = sourcecode.c.objc; path = ALAssetCell.m; sourceTree = "<group>"; };
		66030985186EFC1D00FD855E /* CGUViewController.h */ = {isa = PBXFileReference; fileEncoding = 4; lastKnownFileType = sourcecode.c.h; path = CGUViewController.h; sourceTree = "<group>"; };
		66030986186EFC1D00FD855E /* CGUViewController.m */ = {isa = PBXFileReference; fileEncoding = 4; lastKnownFileType = sourcecode.c.objc; path = CGUViewController.m; sourceTree = "<group>"; };
		66253DBC18572BE100F3F062 /* H2H Feelsafe.app */ = {isa = PBXFileReference; explicitFileType = wrapper.application; includeInIndex = 0; path = "H2H Feelsafe.app"; sourceTree = BUILT_PRODUCTS_DIR; };
		66253DBF18572BE100F3F062 /* Foundation.framework */ = {isa = PBXFileReference; lastKnownFileType = wrapper.framework; name = Foundation.framework; path = System/Library/Frameworks/Foundation.framework; sourceTree = SDKROOT; };
		66253DC118572BE100F3F062 /* CoreGraphics.framework */ = {isa = PBXFileReference; lastKnownFileType = wrapper.framework; name = CoreGraphics.framework; path = System/Library/Frameworks/CoreGraphics.framework; sourceTree = SDKROOT; };
		66253DC318572BE100F3F062 /* UIKit.framework */ = {isa = PBXFileReference; lastKnownFileType = wrapper.framework; name = UIKit.framework; path = System/Library/Frameworks/UIKit.framework; sourceTree = SDKROOT; };
		66253DC718572BE100F3F062 /* H2H Feelsafe-Info.plist */ = {isa = PBXFileReference; lastKnownFileType = text.plist.xml; path = "H2H Feelsafe-Info.plist"; sourceTree = "<group>"; };
		66253DC918572BE100F3F062 /* en */ = {isa = PBXFileReference; lastKnownFileType = text.plist.strings; name = en; path = en.lproj/InfoPlist.strings; sourceTree = "<group>"; };
		66253DCB18572BE100F3F062 /* main.m */ = {isa = PBXFileReference; lastKnownFileType = sourcecode.c.objc; path = main.m; sourceTree = "<group>"; };
		66253DCD18572BE100F3F062 /* H2H Feelsafe-Prefix.pch */ = {isa = PBXFileReference; lastKnownFileType = sourcecode.c.h; path = "H2H Feelsafe-Prefix.pch"; sourceTree = "<group>"; };
		66253DCE18572BE100F3F062 /* AppDelegate.h */ = {isa = PBXFileReference; lastKnownFileType = sourcecode.c.h; path = AppDelegate.h; sourceTree = "<group>"; };
		66253DCF18572BE100F3F062 /* AppDelegate.m */ = {isa = PBXFileReference; lastKnownFileType = sourcecode.c.objc; path = AppDelegate.m; sourceTree = "<group>"; };
		66253DD218572BE100F3F062 /* Base */ = {isa = PBXFileReference; lastKnownFileType = file.storyboard; name = Base; path = Base.lproj/Main.storyboard; sourceTree = "<group>"; };
		66253DD418572BE100F3F062 /* ViewController.h */ = {isa = PBXFileReference; lastKnownFileType = sourcecode.c.h; path = ViewController.h; sourceTree = "<group>"; };
		66253DD718572BE100F3F062 /* Images.xcassets */ = {isa = PBXFileReference; lastKnownFileType = folder.assetcatalog; path = Images.xcassets; sourceTree = "<group>"; };
		66253DDD18572BE100F3F062 /* H2H FeelsafeTests.xctest */ = {isa = PBXFileReference; explicitFileType = wrapper.cfbundle; includeInIndex = 0; path = "H2H FeelsafeTests.xctest"; sourceTree = BUILT_PRODUCTS_DIR; };
		66253DDE18572BE100F3F062 /* XCTest.framework */ = {isa = PBXFileReference; lastKnownFileType = wrapper.framework; name = XCTest.framework; path = Library/Frameworks/XCTest.framework; sourceTree = DEVELOPER_DIR; };
		66253DE618572BE100F3F062 /* H2H FeelsafeTests-Info.plist */ = {isa = PBXFileReference; lastKnownFileType = text.plist.xml; path = "H2H FeelsafeTests-Info.plist"; sourceTree = "<group>"; };
		66253DE818572BE100F3F062 /* en */ = {isa = PBXFileReference; lastKnownFileType = text.plist.strings; name = en; path = en.lproj/InfoPlist.strings; sourceTree = "<group>"; };
		66253DEA18572BE100F3F062 /* H2H_FeelsafeTests.m */ = {isa = PBXFileReference; lastKnownFileType = sourcecode.c.objc; path = H2H_FeelsafeTests.m; sourceTree = "<group>"; };
		66253DF418572E9A00F3F062 /* WebServices.h */ = {isa = PBXFileReference; fileEncoding = 4; lastKnownFileType = sourcecode.c.h; name = WebServices.h; path = "H2H Feelsafe/WebServices.h"; sourceTree = "<group>"; };
		66253DF518572E9A00F3F062 /* WebServices.m */ = {isa = PBXFileReference; fileEncoding = 4; lastKnownFileType = sourcecode.c.objc; name = WebServices.m; path = "H2H Feelsafe/WebServices.m"; sourceTree = "<group>"; };
		66253DFB185735A200F3F062 /* textaerea@2x.png */ = {isa = PBXFileReference; lastKnownFileType = image.png; path = "textaerea@2x.png"; sourceTree = "<group>"; };
		66253DFD185738BF00F3F062 /* AFItemView.h */ = {isa = PBXFileReference; fileEncoding = 4; lastKnownFileType = sourcecode.c.h; path = AFItemView.h; sourceTree = "<group>"; };
		66253DFE185738BF00F3F062 /* AFItemView.m */ = {isa = PBXFileReference; fileEncoding = 4; lastKnownFileType = sourcecode.c.objc; path = AFItemView.m; sourceTree = "<group>"; };
		66253DFF185738BF00F3F062 /* AFOpenFlowConstants.h */ = {isa = PBXFileReference; fileEncoding = 4; lastKnownFileType = sourcecode.c.h; path = AFOpenFlowConstants.h; sourceTree = "<group>"; };
		66253E00185738BF00F3F062 /* AFOpenFlowView.h */ = {isa = PBXFileReference; fileEncoding = 4; lastKnownFileType = sourcecode.c.h; path = AFOpenFlowView.h; sourceTree = "<group>"; };
		66253E01185738BF00F3F062 /* AFOpenFlowView.m */ = {isa = PBXFileReference; fileEncoding = 4; lastKnownFileType = sourcecode.c.objc; path = AFOpenFlowView.m; sourceTree = "<group>"; };
		66253E02185738BF00F3F062 /* AFUIImageReflection.h */ = {isa = PBXFileReference; fileEncoding = 4; lastKnownFileType = sourcecode.c.h; path = AFUIImageReflection.h; sourceTree = "<group>"; };
		66253E03185738BF00F3F062 /* AFUIImageReflection.m */ = {isa = PBXFileReference; fileEncoding = 4; lastKnownFileType = sourcecode.c.objc; path = AFUIImageReflection.m; sourceTree = "<group>"; };
		66253E0818573F7F00F3F062 /* LoginViewController.h */ = {isa = PBXFileReference; fileEncoding = 4; lastKnownFileType = sourcecode.c.h; path = LoginViewController.h; sourceTree = "<group>"; };
		66253E0918573F7F00F3F062 /* LoginViewController.m */ = {isa = PBXFileReference; fileEncoding = 4; lastKnownFileType = sourcecode.c.objc; path = LoginViewController.m; sourceTree = "<group>"; };
		66253E0B1857426400F3F062 /* SignUpViewController.h */ = {isa = PBXFileReference; fileEncoding = 4; lastKnownFileType = sourcecode.c.h; path = SignUpViewController.h; sourceTree = "<group>"; };
		66253E0C1857426400F3F062 /* SignUpViewController.m */ = {isa = PBXFileReference; fileEncoding = 4; lastKnownFileType = sourcecode.c.objc; path = SignUpViewController.m; sourceTree = "<group>"; };
		6625680A18E9CF61008ECFBF /* CoreLocation.framework */ = {isa = PBXFileReference; lastKnownFileType = wrapper.framework; name = CoreLocation.framework; path = System/Library/Frameworks/CoreLocation.framework; sourceTree = SDKROOT; };
		664059D71875A7D100BA60F7 /* IISideController.h */ = {isa = PBXFileReference; fileEncoding = 4; lastKnownFileType = sourcecode.c.h; path = IISideController.h; sourceTree = "<group>"; };
		664059D81875A7D100BA60F7 /* IISideController.m */ = {isa = PBXFileReference; fileEncoding = 4; lastKnownFileType = sourcecode.c.objc; path = IISideController.m; sourceTree = "<group>"; };
		664059D91875A7D100BA60F7 /* IIViewDeckController.h */ = {isa = PBXFileReference; fileEncoding = 4; lastKnownFileType = sourcecode.c.h; path = IIViewDeckController.h; sourceTree = "<group>"; };
		664059DA1875A7D100BA60F7 /* IIViewDeckController.m */ = {isa = PBXFileReference; fileEncoding = 4; lastKnownFileType = sourcecode.c.objc; path = IIViewDeckController.m; sourceTree = "<group>"; };
		664059DB1875A7D100BA60F7 /* IIWrapController.h */ = {isa = PBXFileReference; fileEncoding = 4; lastKnownFileType = sourcecode.c.h; path = IIWrapController.h; sourceTree = "<group>"; };
		664059DC1875A7D100BA60F7 /* IIWrapController.m */ = {isa = PBXFileReference; fileEncoding = 4; lastKnownFileType = sourcecode.c.objc; path = IIWrapController.m; sourceTree = "<group>"; };
		664059E11875A83F00BA60F7 /* NavigationViewController.h */ = {isa = PBXFileReference; fileEncoding = 4; lastKnownFileType = sourcecode.c.h; path = NavigationViewController.h; sourceTree = "<group>"; };
		664059E21875A83F00BA60F7 /* NavigationViewController.m */ = {isa = PBXFileReference; fileEncoding = 4; lastKnownFileType = sourcecode.c.objc; path = NavigationViewController.m; sourceTree = "<group>"; };
		664059E61875AB1700BA60F7 /* ListViewController.h */ = {isa = PBXFileReference; fileEncoding = 4; lastKnownFileType = sourcecode.c.h; path = ListViewController.h; sourceTree = "<group>"; };
		664059E71875AB1700BA60F7 /* ListViewController.m */ = {isa = PBXFileReference; fileEncoding = 4; lastKnownFileType = sourcecode.c.objc; path = ListViewController.m; sourceTree = "<group>"; };
		664059E91875ACE600BA60F7 /* MapKit.framework */ = {isa = PBXFileReference; lastKnownFileType = wrapper.framework; name = MapKit.framework; path = System/Library/Frameworks/MapKit.framework; sourceTree = SDKROOT; };
		664059EB1875B21400BA60F7 /* 19-gear.png */ = {isa = PBXFileReference; lastKnownFileType = image.png; path = "19-gear.png"; sourceTree = "<group>"; };
		664059ED1875B26C00BA60F7 /* user_add.png */ = {isa = PBXFileReference; lastKnownFileType = image.png; path = user_add.png; sourceTree = "<group>"; };
		664059EF1875D86600BA60F7 /* AddressBook.framework */ = {isa = PBXFileReference; lastKnownFileType = wrapper.framework; name = AddressBook.framework; path = System/Library/Frameworks/AddressBook.framework; sourceTree = SDKROOT; };
		664059F11875D86C00BA60F7 /* AddressBookUI.framework */ = {isa = PBXFileReference; lastKnownFileType = wrapper.framework; name = AddressBookUI.framework; path = System/Library/Frameworks/AddressBookUI.framework; sourceTree = SDKROOT; };
		664059F31875D95300BA60F7 /* AddViewController.h */ = {isa = PBXFileReference; fileEncoding = 4; lastKnownFileType = sourcecode.c.h; path = AddViewController.h; sourceTree = "<group>"; };
		664059F41875D95300BA60F7 /* AddViewController.m */ = {isa = PBXFileReference; fileEncoding = 4; lastKnownFileType = sourcecode.c.objc; path = AddViewController.m; sourceTree = "<group>"; };
		664059FA1876145D00BA60F7 /* MessageUI.framework */ = {isa = PBXFileReference; lastKnownFileType = wrapper.framework; name = MessageUI.framework; path = System/Library/Frameworks/MessageUI.framework; sourceTree = SDKROOT; };
		66DBEA4D18DF389900E2D696 /* SVProgressHUD.bundle */ = {isa = PBXFileReference; lastKnownFileType = "wrapper.plug-in"; path = SVProgressHUD.bundle; sourceTree = "<group>"; };
		66DBEA4E18DF389900E2D696 /* SVProgressHUD.h */ = {isa = PBXFileReference; fileEncoding = 4; lastKnownFileType = sourcecode.c.h; path = SVProgressHUD.h; sourceTree = "<group>"; };
		66DBEA4F18DF389900E2D696 /* SVProgressHUD.m */ = {isa = PBXFileReference; fileEncoding = 4; lastKnownFileType = sourcecode.c.objc; path = SVProgressHUD.m; sourceTree = "<group>"; };
		871CB53018E6DC2B00E094F1 /* Navigation_Pro_ViewController.h */ = {isa = PBXFileReference; fileEncoding = 4; lastKnownFileType = sourcecode.c.h; path = Navigation_Pro_ViewController.h; sourceTree = "<group>"; };
		871CB53118E6DC2B00E094F1 /* Navigation_Pro_ViewController.m */ = {isa = PBXFileReference; fileEncoding = 4; lastKnownFileType = sourcecode.c.objc; path = Navigation_Pro_ViewController.m; sourceTree = "<group>"; };
		878B091318F99E4700D388E7 /* ProAddViewController.h */ = {isa = PBXFileReference; fileEncoding = 4; lastKnownFileType = sourcecode.c.h; path = ProAddViewController.h; sourceTree = "<group>"; };
		878B091418F99E4700D388E7 /* ProAddViewController.m */ = {isa = PBXFileReference; fileEncoding = 4; lastKnownFileType = sourcecode.c.objc; path = ProAddViewController.m; sourceTree = "<group>"; };
		87A6A2FC18E0F31300DC0D4A /* 01_Accueil_IOS7_v2.jpg */ = {isa = PBXFileReference; lastKnownFileType = image.jpeg; path = 01_Accueil_IOS7_v2.jpg; sourceTree = "<group>"; };
		87A6A2FE18E0F3C300DC0D4A /* ViewController.m */ = {isa = PBXFileReference; fileEncoding = 4; lastKnownFileType = sourcecode.c.objc; path = ViewController.m; sourceTree = "<group>"; };
		87A6A30018E0F44900DC0D4A /* 02_Plan_Suivis_IOS7_v3.jpg */ = {isa = PBXFileReference; lastKnownFileType = image.jpeg; path = 02_Plan_Suivis_IOS7_v3.jpg; sourceTree = "<group>"; };
		87A6A30218E0F4A300DC0D4A /* 03_Liste_Suivis_IOS7_v3.jpg */ = {isa = PBXFileReference; lastKnownFileType = image.jpeg; path = 03_Liste_Suivis_IOS7_v3.jpg; sourceTree = "<group>"; };
		87A6A30418E0F4C300DC0D4A /* 04_Alertes_IOS7_v3.jpg */ = {isa = PBXFileReference; lastKnownFileType = image.jpeg; path = 04_Alertes_IOS7_v3.jpg; sourceTree = "<group>"; };
		87A6A30618E0F4DC00DC0D4A /* 05_Diaporama_IOS7_v3.jpg */ = {isa = PBXFileReference; lastKnownFileType = image.jpeg; path = 05_Diaporama_IOS7_v3.jpg; sourceTree = "<group>"; };
		87AA231A18EB5D31007381DD /* LeftViewProtege.h */ = {isa = PBXFileReference; fileEncoding = 4; lastKnownFileType = sourcecode.c.h; path = LeftViewProtege.h; sourceTree = "<group>"; };
		87AA231B18EB5D31007381DD /* LeftViewProtege.m */ = {isa = PBXFileReference; fileEncoding = 4; lastKnownFileType = sourcecode.c.objc; path = LeftViewProtege.m; sourceTree = "<group>"; };
		87DE8E1C18ECBB6B005BCD0B /* UpdateAccountViewController.h */ = {isa = PBXFileReference; fileEncoding = 4; lastKnownFileType = sourcecode.c.h; path = UpdateAccountViewController.h; sourceTree = "<group>"; };
		87DE8E1D18ECBB6B005BCD0B /* UpdateAccountViewController.m */ = {isa = PBXFileReference; fileEncoding = 4; lastKnownFileType = sourcecode.c.objc; path = UpdateAccountViewController.m; sourceTree = "<group>"; };
		87DE8E1F18ECC758005BCD0B /* UptadeCell.h */ = {isa = PBXFileReference; fileEncoding = 4; lastKnownFileType = sourcecode.c.h; path = UptadeCell.h; sourceTree = "<group>"; };
		87DE8E2018ECC758005BCD0B /* UptadeCell.m */ = {isa = PBXFileReference; fileEncoding = 4; lastKnownFileType = sourcecode.c.objc; path = UptadeCell.m; sourceTree = "<group>"; };
/* End PBXFileReference section */

/* Begin PBXFrameworksBuildPhase section */
		66253DB918572BE100F3F062 /* Frameworks */ = {
			isa = PBXFrameworksBuildPhase;
			buildActionMask = 2147483647;
			files = (
				6625680B18E9CF61008ECFBF /* CoreLocation.framework in Frameworks */,
				664059FB1876145D00BA60F7 /* MessageUI.framework in Frameworks */,
				664059F21875D86C00BA60F7 /* AddressBookUI.framework in Frameworks */,
				664059F01875D86600BA60F7 /* AddressBook.framework in Frameworks */,
				664059EA1875ACE600BA60F7 /* MapKit.framework in Frameworks */,
				66030977186D96BE00FD855E /* AssetsLibrary.framework in Frameworks */,
				66253DC218572BE100F3F062 /* CoreGraphics.framework in Frameworks */,
				66253DC418572BE100F3F062 /* UIKit.framework in Frameworks */,
				66253DC018572BE100F3F062 /* Foundation.framework in Frameworks */,
			);
			runOnlyForDeploymentPostprocessing = 0;
		};
		66253DDA18572BE100F3F062 /* Frameworks */ = {
			isa = PBXFrameworksBuildPhase;
			buildActionMask = 2147483647;
			files = (
				66253DDF18572BE100F3F062 /* XCTest.framework in Frameworks */,
				66253DE118572BE100F3F062 /* UIKit.framework in Frameworks */,
				66253DE018572BE100F3F062 /* Foundation.framework in Frameworks */,
			);
			runOnlyForDeploymentPostprocessing = 0;
		};
/* End PBXFrameworksBuildPhase section */

/* Begin PBXGroup section */
		66030981186E38A800FD855E /* ALAssets */ = {
			isa = PBXGroup;
			children = (
				66030978186DF31600FD855E /* ALGroupViewController.h */,
				66030979186DF31600FD855E /* ALGroupViewController.m */,
				6603097E186E299B00FD855E /* ALAssetViewController.h */,
				6603097F186E299B00FD855E /* ALAssetViewController.m */,
				6603097B186E1AA400FD855E /* ALGroupCell.h */,
				6603097C186E1AA400FD855E /* ALGroupCell.m */,
				66030982186E38E400FD855E /* ALAssetCell.h */,
				66030983186E38E400FD855E /* ALAssetCell.m */,
			);
			name = ALAssets;
			sourceTree = "<group>";
		};
		66030988186EFC3300FD855E /* Inscription */ = {
			isa = PBXGroup;
			children = (
				66253E0B1857426400F3F062 /* SignUpViewController.h */,
				66253E0C1857426400F3F062 /* SignUpViewController.m */,
				6603096C186C53AF00FD855E /* signUpCell.h */,
				6603096D186C53AF00FD855E /* signUpCell.m */,
				66030985186EFC1D00FD855E /* CGUViewController.h */,
				66030986186EFC1D00FD855E /* CGUViewController.m */,
				66030981186E38A800FD855E /* ALAssets */,
			);
			name = Inscription;
			sourceTree = "<group>";
		};
		6603098B1870A51200FD855E /* Connexion */ = {
			isa = PBXGroup;
			children = (
				66253E0818573F7F00F3F062 /* LoginViewController.h */,
				66253E0918573F7F00F3F062 /* LoginViewController.m */,
			);
			name = Connexion;
			sourceTree = "<group>";
		};
		66253DB318572BE100F3F062 = {
			isa = PBXGroup;
			children = (
				66253DFB185735A200F3F062 /* textaerea@2x.png */,
				664059EB1875B21400BA60F7 /* 19-gear.png */,
				87A6A2FC18E0F31300DC0D4A /* 01_Accueil_IOS7_v2.jpg */,
				87A6A30018E0F44900DC0D4A /* 02_Plan_Suivis_IOS7_v3.jpg */,
				87A6A30218E0F4A300DC0D4A /* 03_Liste_Suivis_IOS7_v3.jpg */,
				87A6A30418E0F4C300DC0D4A /* 04_Alertes_IOS7_v3.jpg */,
				87A6A30618E0F4DC00DC0D4A /* 05_Diaporama_IOS7_v3.jpg */,
				664059ED1875B26C00BA60F7 /* user_add.png */,
				66030972186C7F0100FD855E /* default_profile.jpg */,
				66253DF418572E9A00F3F062 /* WebServices.h */,
				66253DF518572E9A00F3F062 /* WebServices.m */,
				66DBEA4C18DF389900E2D696 /* SVProgressHUD */,
				664059D61875A7D100BA60F7 /* ViewDeck */,
				66253E07185738C400F3F062 /* OpenFlow */,
				66253DC518572BE100F3F062 /* H2H Feelsafe */,
				66253DE418572BE100F3F062 /* H2H FeelsafeTests */,
				66253DBE18572BE100F3F062 /* Frameworks */,
				66253DBD18572BE100F3F062 /* Products */,
			);
			sourceTree = "<group>";
		};
		66253DBD18572BE100F3F062 /* Products */ = {
			isa = PBXGroup;
			children = (
				66253DBC18572BE100F3F062 /* H2H Feelsafe.app */,
				66253DDD18572BE100F3F062 /* H2H FeelsafeTests.xctest */,
			);
			name = Products;
			sourceTree = "<group>";
		};
		66253DBE18572BE100F3F062 /* Frameworks */ = {
			isa = PBXGroup;
			children = (
				6625680A18E9CF61008ECFBF /* CoreLocation.framework */,
				664059FA1876145D00BA60F7 /* MessageUI.framework */,
				664059F11875D86C00BA60F7 /* AddressBookUI.framework */,
				664059EF1875D86600BA60F7 /* AddressBook.framework */,
				664059E91875ACE600BA60F7 /* MapKit.framework */,
				66030976186D96BE00FD855E /* AssetsLibrary.framework */,
				66253DBF18572BE100F3F062 /* Foundation.framework */,
				66253DC118572BE100F3F062 /* CoreGraphics.framework */,
				66253DC318572BE100F3F062 /* UIKit.framework */,
				66253DDE18572BE100F3F062 /* XCTest.framework */,
			);
			name = Frameworks;
			sourceTree = "<group>";
		};
		66253DC518572BE100F3F062 /* H2H Feelsafe */ = {
			isa = PBXGroup;
			children = (
				87DE8E1818ECBA19005BCD0B /* InfoCompte */,
				6603098B1870A51200FD855E /* Connexion */,
				66030988186EFC3300FD855E /* Inscription */,
				871CB52E18E6DADC00E094F1 /* Navigations */,
				66253DD418572BE100F3F062 /* ViewController.h */,
				87A6A2FE18E0F3C300DC0D4A /* ViewController.m */,
				66253DCE18572BE100F3F062 /* AppDelegate.h */,
				66253DCF18572BE100F3F062 /* AppDelegate.m */,
				66253DD118572BE100F3F062 /* Main.storyboard */,
				66253DD718572BE100F3F062 /* Images.xcassets */,
				66253DC618572BE100F3F062 /* Supporting Files */,
			);
			path = "H2H Feelsafe";
			sourceTree = "<group>";
		};
		66253DC618572BE100F3F062 /* Supporting Files */ = {
			isa = PBXGroup;
			children = (
				66253DC718572BE100F3F062 /* H2H Feelsafe-Info.plist */,
				66253DC818572BE100F3F062 /* InfoPlist.strings */,
				66253DCB18572BE100F3F062 /* main.m */,
				66253DCD18572BE100F3F062 /* H2H Feelsafe-Prefix.pch */,
			);
			name = "Supporting Files";
			sourceTree = "<group>";
		};
		66253DE418572BE100F3F062 /* H2H FeelsafeTests */ = {
			isa = PBXGroup;
			children = (
				66253DEA18572BE100F3F062 /* H2H_FeelsafeTests.m */,
				66253DE518572BE100F3F062 /* Supporting Files */,
			);
			path = "H2H FeelsafeTests";
			sourceTree = "<group>";
		};
		66253DE518572BE100F3F062 /* Supporting Files */ = {
			isa = PBXGroup;
			children = (
				66253DE618572BE100F3F062 /* H2H FeelsafeTests-Info.plist */,
				66253DE718572BE100F3F062 /* InfoPlist.strings */,
			);
			name = "Supporting Files";
			sourceTree = "<group>";
		};
		66253E07185738C400F3F062 /* OpenFlow */ = {
			isa = PBXGroup;
			children = (
				66253DFD185738BF00F3F062 /* AFItemView.h */,
				66253DFE185738BF00F3F062 /* AFItemView.m */,
				66253DFF185738BF00F3F062 /* AFOpenFlowConstants.h */,
				66253E00185738BF00F3F062 /* AFOpenFlowView.h */,
				66253E01185738BF00F3F062 /* AFOpenFlowView.m */,
				66253E02185738BF00F3F062 /* AFUIImageReflection.h */,
				66253E03185738BF00F3F062 /* AFUIImageReflection.m */,
			);
			name = OpenFlow;
			sourceTree = "<group>";
		};
		664059D61875A7D100BA60F7 /* ViewDeck */ = {
			isa = PBXGroup;
			children = (
				664059D71875A7D100BA60F7 /* IISideController.h */,
				664059D81875A7D100BA60F7 /* IISideController.m */,
				664059D91875A7D100BA60F7 /* IIViewDeckController.h */,
				664059DA1875A7D100BA60F7 /* IIViewDeckController.m */,
				664059DB1875A7D100BA60F7 /* IIWrapController.h */,
				664059DC1875A7D100BA60F7 /* IIWrapController.m */,
			);
			path = ViewDeck;
			sourceTree = "<group>";
		};
		664059F61875D96200BA60F7 /* Navigation_Ref */ = {
			isa = PBXGroup;
			children = (
				664059E11875A83F00BA60F7 /* NavigationViewController.h */,
				664059E21875A83F00BA60F7 /* NavigationViewController.m */,
				664059E61875AB1700BA60F7 /* ListViewController.h */,
				664059E71875AB1700BA60F7 /* ListViewController.m */,
				664059F31875D95300BA60F7 /* AddViewController.h */,
				664059F41875D95300BA60F7 /* AddViewController.m */,
			);
			name = Navigation_Ref;
			sourceTree = "<group>";
		};
		66DBEA4C18DF389900E2D696 /* SVProgressHUD */ = {
			isa = PBXGroup;
			children = (
				66DBEA4D18DF389900E2D696 /* SVProgressHUD.bundle */,
				66DBEA4E18DF389900E2D696 /* SVProgressHUD.h */,
				66DBEA4F18DF389900E2D696 /* SVProgressHUD.m */,
			);
			path = SVProgressHUD;
			sourceTree = "<group>";
		};
		871CB52E18E6DADC00E094F1 /* Navigations */ = {
			isa = PBXGroup;
			children = (
				871CB52F18E6DAF700E094F1 /* Navigation_Pro */,
				664059F61875D96200BA60F7 /* Navigation_Ref */,
			);
			name = Navigations;
			sourceTree = "<group>";
		};
		871CB52F18E6DAF700E094F1 /* Navigation_Pro */ = {
			isa = PBXGroup;
			children = (
				871CB53018E6DC2B00E094F1 /* Navigation_Pro_ViewController.h */,
				871CB53118E6DC2B00E094F1 /* Navigation_Pro_ViewController.m */,
				87AA231A18EB5D31007381DD /* LeftViewProtege.h */,
				87AA231B18EB5D31007381DD /* LeftViewProtege.m */,
				878B091318F99E4700D388E7 /* ProAddViewController.h */,
				878B091418F99E4700D388E7 /* ProAddViewController.m */,
			);
			name = Navigation_Pro;
			sourceTree = "<group>";
		};
		87DE8E1818ECBA19005BCD0B /* InfoCompte */ = {
			isa = PBXGroup;
			children = (
				87DE8E1C18ECBB6B005BCD0B /* UpdateAccountViewController.h */,
				87DE8E1D18ECBB6B005BCD0B /* UpdateAccountViewController.m */,
				87DE8E1F18ECC758005BCD0B /* UptadeCell.h */,
				87DE8E2018ECC758005BCD0B /* UptadeCell.m */,
			);
			name = InfoCompte;
			sourceTree = "<group>";
		};
/* End PBXGroup section */

/* Begin PBXNativeTarget section */
		66253DBB18572BE100F3F062 /* H2H Feelsafe */ = {
			isa = PBXNativeTarget;
			buildConfigurationList = 66253DEE18572BE200F3F062 /* Build configuration list for PBXNativeTarget "H2H Feelsafe" */;
			buildPhases = (
				66253DB818572BE100F3F062 /* Sources */,
				66253DB918572BE100F3F062 /* Frameworks */,
				66253DBA18572BE100F3F062 /* Resources */,
			);
			buildRules = (
			);
			dependencies = (
			);
			name = "H2H Feelsafe";
			productName = "H2H Feelsafe";
			productReference = 66253DBC18572BE100F3F062 /* H2H Feelsafe.app */;
			productType = "com.apple.product-type.application";
		};
		66253DDC18572BE100F3F062 /* H2H FeelsafeTests */ = {
			isa = PBXNativeTarget;
			buildConfigurationList = 66253DF118572BE200F3F062 /* Build configuration list for PBXNativeTarget "H2H FeelsafeTests" */;
			buildPhases = (
				66253DD918572BE100F3F062 /* Sources */,
				66253DDA18572BE100F3F062 /* Frameworks */,
				66253DDB18572BE100F3F062 /* Resources */,
			);
			buildRules = (
			);
			dependencies = (
				66253DE318572BE100F3F062 /* PBXTargetDependency */,
			);
			name = "H2H FeelsafeTests";
			productName = "H2H FeelsafeTests";
			productReference = 66253DDD18572BE100F3F062 /* H2H FeelsafeTests.xctest */;
			productType = "com.apple.product-type.bundle.unit-test";
		};
/* End PBXNativeTarget section */

/* Begin PBXProject section */
		66253DB418572BE100F3F062 /* Project object */ = {
			isa = PBXProject;
			attributes = {
				LastUpgradeCheck = 0500;
				ORGANIZATIONNAME = "Maxime Berail";
				TargetAttributes = {
					66253DBB18572BE100F3F062 = {
						DevelopmentTeam = VK9D7BFE2C;
						SystemCapabilities = {
							com.apple.BackgroundModes = {
								enabled = 1;
							};
						};
					};
					66253DDC18572BE100F3F062 = {
						TestTargetID = 66253DBB18572BE100F3F062;
					};
				};
			};
			buildConfigurationList = 66253DB718572BE100F3F062 /* Build configuration list for PBXProject "H2H Feelsafe" */;
			compatibilityVersion = "Xcode 3.2";
			developmentRegion = English;
			hasScannedForEncodings = 0;
			knownRegions = (
				en,
				Base,
			);
			mainGroup = 66253DB318572BE100F3F062;
			productRefGroup = 66253DBD18572BE100F3F062 /* Products */;
			projectDirPath = "";
			projectRoot = "";
			targets = (
				66253DBB18572BE100F3F062 /* H2H Feelsafe */,
				66253DDC18572BE100F3F062 /* H2H FeelsafeTests */,
			);
		};
/* End PBXProject section */

/* Begin PBXResourcesBuildPhase section */
		66253DBA18572BE100F3F062 /* Resources */ = {
			isa = PBXResourcesBuildPhase;
			buildActionMask = 2147483647;
			files = (
				87A6A30318E0F4A300DC0D4A /* 03_Liste_Suivis_IOS7_v3.jpg in Resources */,
				664059EC1875B21400BA60F7 /* 19-gear.png in Resources */,
				66030973186C7F0100FD855E /* default_profile.jpg in Resources */,
				66253DFC185735A200F3F062 /* textaerea@2x.png in Resources */,
				87A6A30518E0F4C300DC0D4A /* 04_Alertes_IOS7_v3.jpg in Resources */,
				87A6A30118E0F44900DC0D4A /* 02_Plan_Suivis_IOS7_v3.jpg in Resources */,
				66DBEA5018DF389900E2D696 /* SVProgressHUD.bundle in Resources */,
				66253DD818572BE100F3F062 /* Images.xcassets in Resources */,
				66253DCA18572BE100F3F062 /* InfoPlist.strings in Resources */,
				66253DD318572BE100F3F062 /* Main.storyboard in Resources */,
				664059EE1875B26C00BA60F7 /* user_add.png in Resources */,
				87A6A30718E0F4DC00DC0D4A /* 05_Diaporama_IOS7_v3.jpg in Resources */,
				87A6A2FD18E0F31300DC0D4A /* 01_Accueil_IOS7_v2.jpg in Resources */,
			);
			runOnlyForDeploymentPostprocessing = 0;
		};
		66253DDB18572BE100F3F062 /* Resources */ = {
			isa = PBXResourcesBuildPhase;
			buildActionMask = 2147483647;
			files = (
				66253DE918572BE100F3F062 /* InfoPlist.strings in Resources */,
			);
			runOnlyForDeploymentPostprocessing = 0;
		};
/* End PBXResourcesBuildPhase section */

/* Begin PBXSourcesBuildPhase section */
		66253DB818572BE100F3F062 /* Sources */ = {
			isa = PBXSourcesBuildPhase;
			buildActionMask = 2147483647;
			files = (
				87AA231C18EB5D31007381DD /* LeftViewProtege.m in Sources */,
				66253E0A18573F7F00F3F062 /* LoginViewController.m in Sources */,
				87DE8E2118ECC758005BCD0B /* UptadeCell.m in Sources */,
				87DE8E1E18ECBB6B005BCD0B /* UpdateAccountViewController.m in Sources */,
				66030984186E38E400FD855E /* ALAssetCell.m in Sources */,
				66253E05185738BF00F3F062 /* AFOpenFlowView.m in Sources */,
				66253E06185738BF00F3F062 /* AFUIImageReflection.m in Sources */,
				664059DF1875A7D100BA60F7 /* IIWrapController.m in Sources */,
				6603097A186DF31600FD855E /* ALGroupViewController.m in Sources */,
				664059E31875A83F00BA60F7 /* NavigationViewController.m in Sources */,
				66253DD018572BE100F3F062 /* AppDelegate.m in Sources */,
				878B091518F99E4700D388E7 /* ProAddViewController.m in Sources */,
				66DBEA5118DF389900E2D696 /* SVProgressHUD.m in Sources */,
				6603097D186E1AA400FD855E /* ALGroupCell.m in Sources */,
				664059E81875AB1700BA60F7 /* ListViewController.m in Sources */,
				664059DD1875A7D100BA60F7 /* IISideController.m in Sources */,
				66030980186E299B00FD855E /* ALAssetViewController.m in Sources */,
				6603096E186C53AF00FD855E /* signUpCell.m in Sources */,
				66253DF618572E9A00F3F062 /* WebServices.m in Sources */,
				66030987186EFC1D00FD855E /* CGUViewController.m in Sources */,
				87A6A2FF18E0F3C300DC0D4A /* ViewController.m in Sources */,
				664059DE1875A7D100BA60F7 /* IIViewDeckController.m in Sources */,
				664059F51875D95300BA60F7 /* AddViewController.m in Sources */,
				871CB53218E6DC2B00E094F1 /* Navigation_Pro_ViewController.m in Sources */,
				66253DCC18572BE100F3F062 /* main.m in Sources */,
				66253E04185738BF00F3F062 /* AFItemView.m in Sources */,
				66253E0D1857426400F3F062 /* SignUpViewController.m in Sources */,
			);
			runOnlyForDeploymentPostprocessing = 0;
		};
		66253DD918572BE100F3F062 /* Sources */ = {
			isa = PBXSourcesBuildPhase;
			buildActionMask = 2147483647;
			files = (
				66253DEB18572BE100F3F062 /* H2H_FeelsafeTests.m in Sources */,
			);
			runOnlyForDeploymentPostprocessing = 0;
		};
/* End PBXSourcesBuildPhase section */

/* Begin PBXTargetDependency section */
		66253DE318572BE100F3F062 /* PBXTargetDependency */ = {
			isa = PBXTargetDependency;
			target = 66253DBB18572BE100F3F062 /* H2H Feelsafe */;
			targetProxy = 66253DE218572BE100F3F062 /* PBXContainerItemProxy */;
		};
/* End PBXTargetDependency section */

/* Begin PBXVariantGroup section */
		66253DC818572BE100F3F062 /* InfoPlist.strings */ = {
			isa = PBXVariantGroup;
			children = (
				66253DC918572BE100F3F062 /* en */,
			);
			name = InfoPlist.strings;
			sourceTree = "<group>";
		};
		66253DD118572BE100F3F062 /* Main.storyboard */ = {
			isa = PBXVariantGroup;
			children = (
				66253DD218572BE100F3F062 /* Base */,
			);
			name = Main.storyboard;
			sourceTree = "<group>";
		};
		66253DE718572BE100F3F062 /* InfoPlist.strings */ = {
			isa = PBXVariantGroup;
			children = (
				66253DE818572BE100F3F062 /* en */,
			);
			name = InfoPlist.strings;
			sourceTree = "<group>";
		};
/* End PBXVariantGroup section */

/* Begin XCBuildConfiguration section */
		66253DEC18572BE200F3F062 /* Debug */ = {
			isa = XCBuildConfiguration;
			buildSettings = {
				ALWAYS_SEARCH_USER_PATHS = NO;
				ARCHS = "$(ARCHS_STANDARD_INCLUDING_64_BIT)";
				CLANG_CXX_LANGUAGE_STANDARD = "gnu++0x";
				CLANG_CXX_LIBRARY = "libc++";
				CLANG_ENABLE_MODULES = YES;
				CLANG_ENABLE_OBJC_ARC = YES;
				CLANG_WARN_BOOL_CONVERSION = YES;
				CLANG_WARN_CONSTANT_CONVERSION = YES;
				CLANG_WARN_DIRECT_OBJC_ISA_USAGE = YES_ERROR;
				CLANG_WARN_EMPTY_BODY = YES;
				CLANG_WARN_ENUM_CONVERSION = YES;
				CLANG_WARN_INT_CONVERSION = YES;
				CLANG_WARN_OBJC_ROOT_CLASS = YES_ERROR;
				CLANG_WARN__DUPLICATE_METHOD_MATCH = YES;
				"CODE_SIGN_IDENTITY[sdk=iphoneos*]" = "iPhone Developer";
				COPY_PHASE_STRIP = NO;
				GCC_C_LANGUAGE_STANDARD = gnu99;
				GCC_DYNAMIC_NO_PIC = NO;
				GCC_OPTIMIZATION_LEVEL = 0;
				GCC_PREPROCESSOR_DEFINITIONS = (
					"DEBUG=1",
					"$(inherited)",
				);
				GCC_SYMBOLS_PRIVATE_EXTERN = NO;
				GCC_WARN_64_TO_32_BIT_CONVERSION = YES;
				GCC_WARN_ABOUT_RETURN_TYPE = YES_ERROR;
				GCC_WARN_UNDECLARED_SELECTOR = YES;
				GCC_WARN_UNINITIALIZED_AUTOS = YES;
				GCC_WARN_UNUSED_FUNCTION = YES;
				GCC_WARN_UNUSED_VARIABLE = YES;
				IPHONEOS_DEPLOYMENT_TARGET = 7.0;
				ONLY_ACTIVE_ARCH = YES;
				SDKROOT = iphoneos;
			};
			name = Debug;
		};
		66253DED18572BE200F3F062 /* Release */ = {
			isa = XCBuildConfiguration;
			buildSettings = {
				ALWAYS_SEARCH_USER_PATHS = NO;
				ARCHS = "$(ARCHS_STANDARD_INCLUDING_64_BIT)";
				CLANG_CXX_LANGUAGE_STANDARD = "gnu++0x";
				CLANG_CXX_LIBRARY = "libc++";
				CLANG_ENABLE_MODULES = YES;
				CLANG_ENABLE_OBJC_ARC = YES;
				CLANG_WARN_BOOL_CONVERSION = YES;
				CLANG_WARN_CONSTANT_CONVERSION = YES;
				CLANG_WARN_DIRECT_OBJC_ISA_USAGE = YES_ERROR;
				CLANG_WARN_EMPTY_BODY = YES;
				CLANG_WARN_ENUM_CONVERSION = YES;
				CLANG_WARN_INT_CONVERSION = YES;
				CLANG_WARN_OBJC_ROOT_CLASS = YES_ERROR;
				CLANG_WARN__DUPLICATE_METHOD_MATCH = YES;
				"CODE_SIGN_IDENTITY[sdk=iphoneos*]" = "iPhone Developer";
				COPY_PHASE_STRIP = YES;
				ENABLE_NS_ASSERTIONS = NO;
				GCC_C_LANGUAGE_STANDARD = gnu99;
				GCC_WARN_64_TO_32_BIT_CONVERSION = YES;
				GCC_WARN_ABOUT_RETURN_TYPE = YES_ERROR;
				GCC_WARN_UNDECLARED_SELECTOR = YES;
				GCC_WARN_UNINITIALIZED_AUTOS = YES;
				GCC_WARN_UNUSED_FUNCTION = YES;
				GCC_WARN_UNUSED_VARIABLE = YES;
				IPHONEOS_DEPLOYMENT_TARGET = 7.0;
				SDKROOT = iphoneos;
				VALIDATE_PRODUCT = YES;
			};
			name = Release;
		};
		66253DEF18572BE200F3F062 /* Debug */ = {
			isa = XCBuildConfiguration;
			buildSettings = {
				ASSETCATALOG_COMPILER_APPICON_NAME = AppIcon;
				ASSETCATALOG_COMPILER_LAUNCHIMAGE_NAME = LaunchImage;
				CODE_SIGN_IDENTITY = "iPhone Developer: Pierre perrin (RU3Y69QJ9N)";
				"CODE_SIGN_IDENTITY[sdk=iphoneos*]" = "iPhone Developer: Pierre perrin (RU3Y69QJ9N)";
				GCC_PRECOMPILE_PREFIX_HEADER = YES;
				GCC_PREFIX_HEADER = "H2H Feelsafe/H2H Feelsafe-Prefix.pch";
				INFOPLIST_FILE = "H2H Feelsafe/H2H Feelsafe-Info.plist";
				PRODUCT_NAME = "$(TARGET_NAME)";
				PROVISIONING_PROFILE = "19315D2D-CAB2-44BD-918E-5C12E1E44270";
				WRAPPER_EXTENSION = app;
			};
			name = Debug;
		};
		66253DF018572BE200F3F062 /* Release */ = {
			isa = XCBuildConfiguration;
			buildSettings = {
				ASSETCATALOG_COMPILER_APPICON_NAME = AppIcon;
				ASSETCATALOG_COMPILER_LAUNCHIMAGE_NAME = LaunchImage;
				CODE_SIGN_IDENTITY = "iPhone Developer: Pierre perrin (RU3Y69QJ9N)";
				GCC_PRECOMPILE_PREFIX_HEADER = YES;
				GCC_PREFIX_HEADER = "H2H Feelsafe/H2H Feelsafe-Prefix.pch";
				INFOPLIST_FILE = "H2H Feelsafe/H2H Feelsafe-Info.plist";
				PRODUCT_NAME = "$(TARGET_NAME)";
				PROVISIONING_PROFILE = "19315D2D-CAB2-44BD-918E-5C12E1E44270";
				WRAPPER_EXTENSION = app;
			};
			name = Release;
		};
		66253DF218572BE200F3F062 /* Debug */ = {
			isa = XCBuildConfiguration;
			buildSettings = {
				ARCHS = "$(ARCHS_STANDARD_INCLUDING_64_BIT)";
				BUNDLE_LOADER = "$(BUILT_PRODUCTS_DIR)/H2H Feelsafe.app/H2H Feelsafe";
				FRAMEWORK_SEARCH_PATHS = (
					"$(SDKROOT)/Developer/Library/Frameworks",
					"$(inherited)",
					"$(DEVELOPER_FRAMEWORKS_DIR)",
				);
				GCC_PRECOMPILE_PREFIX_HEADER = YES;
				GCC_PREFIX_HEADER = "H2H Feelsafe/H2H Feelsafe-Prefix.pch";
				GCC_PREPROCESSOR_DEFINITIONS = (
					"DEBUG=1",
					"$(inherited)",
				);
				INFOPLIST_FILE = "H2H FeelsafeTests/H2H FeelsafeTests-Info.plist";
				PRODUCT_NAME = "$(TARGET_NAME)";
				TEST_HOST = "$(BUNDLE_LOADER)";
				WRAPPER_EXTENSION = xctest;
			};
			name = Debug;
		};
		66253DF318572BE200F3F062 /* Release */ = {
			isa = XCBuildConfiguration;
			buildSettings = {
				ARCHS = "$(ARCHS_STANDARD_INCLUDING_64_BIT)";
				BUNDLE_LOADER = "$(BUILT_PRODUCTS_DIR)/H2H Feelsafe.app/H2H Feelsafe";
				FRAMEWORK_SEARCH_PATHS = (
					"$(SDKROOT)/Developer/Library/Frameworks",
					"$(inherited)",
					"$(DEVELOPER_FRAMEWORKS_DIR)",
				);
				GCC_PRECOMPILE_PREFIX_HEADER = YES;
				GCC_PREFIX_HEADER = "H2H Feelsafe/H2H Feelsafe-Prefix.pch";
				INFOPLIST_FILE = "H2H FeelsafeTests/H2H FeelsafeTests-Info.plist";
				PRODUCT_NAME = "$(TARGET_NAME)";
				TEST_HOST = "$(BUNDLE_LOADER)";
				WRAPPER_EXTENSION = xctest;
			};
			name = Release;
		};
/* End XCBuildConfiguration section */

/* Begin XCConfigurationList section */
		66253DB718572BE100F3F062 /* Build configuration list for PBXProject "H2H Feelsafe" */ = {
			isa = XCConfigurationList;
			buildConfigurations = (
				66253DEC18572BE200F3F062 /* Debug */,
				66253DED18572BE200F3F062 /* Release */,
			);
			defaultConfigurationIsVisible = 0;
			defaultConfigurationName = Release;
		};
		66253DEE18572BE200F3F062 /* Build configuration list for PBXNativeTarget "H2H Feelsafe" */ = {
			isa = XCConfigurationList;
			buildConfigurations = (
				66253DEF18572BE200F3F062 /* Debug */,
				66253DF018572BE200F3F062 /* Release */,
			);
			defaultConfigurationIsVisible = 0;
			defaultConfigurationName = Release;
		};
		66253DF118572BE200F3F062 /* Build configuration list for PBXNativeTarget "H2H FeelsafeTests" */ = {
			isa = XCConfigurationList;
			buildConfigurations = (
				66253DF218572BE200F3F062 /* Debug */,
				66253DF318572BE200F3F062 /* Release */,
			);
			defaultConfigurationIsVisible = 0;
			defaultConfigurationName = Release;
		};
/* End XCConfigurationList section */
	};
	rootObject = 66253DB418572BE100F3F062 /* Project object */;
}
